Microsoft Visual Studio Solution File, Format Version 8.00
# Visual C++ Express 2005
Project("{8BC9CEB8-8B4A-11D0-8D11-00A0C91BC942}") = "appclient", "appclient.vcproj", "{6F4FA155-A555-1DCF-A1EF-136EC2D1F54C}"
EndProject
Project("{8BC9CEB8-8B4A-11D0-8D11-00A0C91BC942}") = "appeventstest", "appeventstest.vcproj", "{F3623D1D-468A-EED0-7396-EA1496E16408}"
EndProject
Project("{8BC9CEB8-8B4A-11D0-8D11-00A0C91BC942}") = "appserver", "appserver.vcproj", "{DCBD438A-BD93-EF7B-82CC-F4E563DB3F03}"
EndProject
Project("{8BC9CEB8-8B4A-11D0-8D11-00A0C91BC942}") = "libclient-chatmanager", "libclient-chatmanager.vcproj", "{C007A05D-5A86-5DDF-1151-4D6C236BBF8F}"
EndProject
Project("{8BC9CEB8-8B4A-11D0-8D11-00A0C91BC942}") = "libclient-combatmanager", "libclient-combatmanager.vcproj", "{A083C033-9407-7708-ADAE-B98A9FF52564}"
EndProject
Project("{8BC9CEB8-8B4A-11D0-8D11-00A0C91BC942}") = "libclient-console", "libclient-console.vcproj", "{89CAACA7-EE9D-973C-D2BB-EBD74E360C82}"
EndProject
Project("{8BC9CEB8-8B4A-11D0-8D11-00A0C91BC942}") = "libclient-entitymanager", "libclient-entitymanager.vcproj", "{BF4129D2-DB7C-DED2-8AC2-D31815CC0CA7}"
EndProject
Project("{8BC9CEB8-8B4A-11D0-8D11-00A0C91BC942}") = "libclient-eventmanager", "libclient-eventmanager.vcproj", "{3AE64EBD-985B-9739-5B26-A01B3B069369}"
EndProject
Project("{8BC9CEB8-8B4A-11D0-8D11-00A0C91BC942}") = "libclient-gui", "libclient-gui.vcproj", "{3003F7D0-0F84-42C5-FE8A-2B5943062A66}"
EndProject
Project("{8BC9CEB8-8B4A-11D0-8D11-00A0C91BC942}") = "libclient-inputmanager", "libclient-inputmanager.vcproj", "{80D23D44-557C-C763-AC7A-6984F6D91243}"
EndProject
Project("{8BC9CEB8-8B4A-11D0-8D11-00A0C91BC942}") = "libclient-network", "libclient-network.vcproj", "{01585500-2818-9845-E99D-46451C8684B3}"
EndProject
Project("{8BC9CEB8-8B4A-11D0-8D11-00A0C91BC942}") = "libclient-reporter", "libclient-reporter.vcproj", "{03D4EFC3-5AB7-7471-F45F-B82EC21DE4A5}"
EndProject
Project("{8BC9CEB8-8B4A-11D0-8D11-00A0C91BC942}") = "libclient-trademanager", "libclient-trademanager.vcproj", "{E46CB2FE-C7FC-8900-683B-79547F8D5A46}"
EndProject
Project("{8BC9CEB8-8B4A-11D0-8D11-00A0C91BC942}") = "libevents", "libevents.vcproj", "{E221859C-9445-1AA6-3E95-E33E77A8B396}"
EndProject
Project("{8BC9CEB8-8B4A-11D0-8D11-00A0C91BC942}") = "libnetwork", "libnetwork.vcproj", "{F5342C71-4E6F-72A9-E16A-9669A5A62054}"
EndProject
Project("{8BC9CEB8-8B4A-11D0-8D11-00A0C91BC942}") = "libquest", "libquest.vcproj", "{A41DE1FF-BA11-703D-D9E2-B06FF60813B1}"
EndProject
Project("{8BC9CEB8-8B4A-11D0-8D11-00A0C91BC942}") = "libserver-ai", "libserver-ai.vcproj", "{A9CB02EA-EB26-F4CC-C9D2-C0A729B49A93}"
EndProject
Project("{8BC9CEB8-8B4A-11D0-8D11-00A0C91BC942}") = "libserver-entity", "libserver-entity.vcproj", "{5EF78382-21B8-FD27-6937-84B16B0544B7}"
EndProject
Project("{8BC9CEB8-8B4A-11D0-8D11-00A0C91BC942}") = "libsqlite_lib", "libsqlite_lib.vcproj", "{CB1805CB-8E89-B83B-0F29-D8569E098351}"
EndProject
Project("{8BC9CEB8-8B4A-11D0-8D11-00A0C91BC942}") = "libtinyxml", "libtinyxml.vcproj", "{7678893D-AC1B-3E14-6B8B-3C45D5FD4FFA}"
EndProject
Project("{8BC9CEB8-8B4A-11D0-8D11-00A0C91BC942}") = "libudp-network", "libudp-network.vcproj", "{01373DD0-AA91-AD26-E258-03C3692713F9}"
EndProject
Project("{8BC9CEB8-8B4A-11D0-8D11-00A0C91BC942}") = "libutil", "libutil.vcproj", "{1020E648-2350-8556-4CD6-29FFD41D5DD6}"
EndProject
Global
	GlobalSection(SolutionConfiguration) = preSolution
		ConfigName.0 = Release
		ConfigName.1 = Debug
	EndGlobalSection
	GlobalSection(ProjectDependencies) = postSolution
		{6F4FA155-A555-1DCF-A1EF-136EC2D1F54C}.0 = {C007A05D-5A86-5DDF-1151-4D6C236BBF8F}
		{6F4FA155-A555-1DCF-A1EF-136EC2D1F54C}.1 = {A083C033-9407-7708-ADAE-B98A9FF52564}
		{6F4FA155-A555-1DCF-A1EF-136EC2D1F54C}.2 = {89CAACA7-EE9D-973C-D2BB-EBD74E360C82}
		{6F4FA155-A555-1DCF-A1EF-136EC2D1F54C}.3 = {BF4129D2-DB7C-DED2-8AC2-D31815CC0CA7}
		{6F4FA155-A555-1DCF-A1EF-136EC2D1F54C}.4 = {3AE64EBD-985B-9739-5B26-A01B3B069369}
		{6F4FA155-A555-1DCF-A1EF-136EC2D1F54C}.5 = {3003F7D0-0F84-42C5-FE8A-2B5943062A66}
		{6F4FA155-A555-1DCF-A1EF-136EC2D1F54C}.6 = {80D23D44-557C-C763-AC7A-6984F6D91243}
		{6F4FA155-A555-1DCF-A1EF-136EC2D1F54C}.7 = {01585500-2818-9845-E99D-46451C8684B3}
		{6F4FA155-A555-1DCF-A1EF-136EC2D1F54C}.8 = {03D4EFC3-5AB7-7471-F45F-B82EC21DE4A5}
		{6F4FA155-A555-1DCF-A1EF-136EC2D1F54C}.9 = {E46CB2FE-C7FC-8900-683B-79547F8D5A46}
		{6F4FA155-A555-1DCF-A1EF-136EC2D1F54C}.10 = {1020E648-2350-8556-4CD6-29FFD41D5DD6}
		{DCBD438A-BD93-EF7B-82CC-F4E563DB3F03}.0 = {A41DE1FF-BA11-703D-D9E2-B06FF60813B1}
		{DCBD438A-BD93-EF7B-82CC-F4E563DB3F03}.1 = {A9CB02EA-EB26-F4CC-C9D2-C0A729B49A93}
		{DCBD438A-BD93-EF7B-82CC-F4E563DB3F03}.2 = {5EF78382-21B8-FD27-6937-84B16B0544B7}
		{DCBD438A-BD93-EF7B-82CC-F4E563DB3F03}.3 = {7678893D-AC1B-3E14-6B8B-3C45D5FD4FFA}
		{DCBD438A-BD93-EF7B-82CC-F4E563DB3F03}.4 = {1020E648-2350-8556-4CD6-29FFD41D5DD6}
		{01585500-2818-9845-E99D-46451C8684B3}.0 = {F5342C71-4E6F-72A9-E16A-9669A5A62054}
		{F5342C71-4E6F-72A9-E16A-9669A5A62054}.0 = {01373DD0-AA91-AD26-E258-03C3692713F9}
	EndGlobalSection
	GlobalSection(ProjectConfiguration) = postSolution
		{6F4FA155-A555-1DCF-A1EF-136EC2D1F54C}.Release.ActiveCfg = Release|Win32
		{6F4FA155-A555-1DCF-A1EF-136EC2D1F54C}.Release.Build.0 = Release|Win32
		{6F4FA155-A555-1DCF-A1EF-136EC2D1F54C}.Debug.ActiveCfg = Debug|Win32
		{6F4FA155-A555-1DCF-A1EF-136EC2D1F54C}.Debug.Build.0 = Debug|Win32
		{F3623D1D-468A-EED0-7396-EA1496E16408}.Release.ActiveCfg = Release|Win32
		{F3623D1D-468A-EED0-7396-EA1496E16408}.Release.Build.0 = Release|Win32
		{F3623D1D-468A-EED0-7396-EA1496E16408}.Debug.ActiveCfg = Debug|Win32
		{F3623D1D-468A-EED0-7396-EA1496E16408}.Debug.Build.0 = Debug|Win32
		{DCBD438A-BD93-EF7B-82CC-F4E563DB3F03}.Release.ActiveCfg = Release|Win32
		{DCBD438A-BD93-EF7B-82CC-F4E563DB3F03}.Release.Build.0 = Release|Win32
		{DCBD438A-BD93-EF7B-82CC-F4E563DB3F03}.Debug.ActiveCfg = Debug|Win32
		{DCBD438A-BD93-EF7B-82CC-F4E563DB3F03}.Debug.Build.0 = Debug|Win32
		{C007A05D-5A86-5DDF-1151-4D6C236BBF8F}.Release.ActiveCfg = Release|Win32
		{C007A05D-5A86-5DDF-1151-4D6C236BBF8F}.Release.Build.0 = Release|Win32
		{C007A05D-5A86-5DDF-1151-4D6C236BBF8F}.Debug.ActiveCfg = Debug|Win32
		{C007A05D-5A86-5DDF-1151-4D6C236BBF8F}.Debug.Build.0 = Debug|Win32
		{A083C033-9407-7708-ADAE-B98A9FF52564}.Release.ActiveCfg = Release|Win32
		{A083C033-9407-7708-ADAE-B98A9FF52564}.Release.Build.0 = Release|Win32
		{A083C033-9407-7708-ADAE-B98A9FF52564}.Debug.ActiveCfg = Debug|Win32
		{A083C033-9407-7708-ADAE-B98A9FF52564}.Debug.Build.0 = Debug|Win32
		{89CAACA7-EE9D-973C-D2BB-EBD74E360C82}.Release.ActiveCfg = Release|Win32
		{89CAACA7-EE9D-973C-D2BB-EBD74E360C82}.Release.Build.0 = Release|Win32
		{89CAACA7-EE9D-973C-D2BB-EBD74E360C82}.Debug.ActiveCfg = Debug|Win32
		{89CAACA7-EE9D-973C-D2BB-EBD74E360C82}.Debug.Build.0 = Debug|Win32
		{BF4129D2-DB7C-DED2-8AC2-D31815CC0CA7}.Release.ActiveCfg = Release|Win32
		{BF4129D2-DB7C-DED2-8AC2-D31815CC0CA7}.Release.Build.0 = Release|Win32
		{BF4129D2-DB7C-DED2-8AC2-D31815CC0CA7}.Debug.ActiveCfg = Debug|Win32
		{BF4129D2-DB7C-DED2-8AC2-D31815CC0CA7}.Debug.Build.0 = Debug|Win32
		{3AE64EBD-985B-9739-5B26-A01B3B069369}.Release.ActiveCfg = Release|Win32
		{3AE64EBD-985B-9739-5B26-A01B3B069369}.Release.Build.0 = Release|Win32
		{3AE64EBD-985B-9739-5B26-A01B3B069369}.Debug.ActiveCfg = Debug|Win32
		{3AE64EBD-985B-9739-5B26-A01B3B069369}.Debug.Build.0 = Debug|Win32
		{3003F7D0-0F84-42C5-FE8A-2B5943062A66}.Release.ActiveCfg = Release|Win32
		{3003F7D0-0F84-42C5-FE8A-2B5943062A66}.Release.Build.0 = Release|Win32
		{3003F7D0-0F84-42C5-FE8A-2B5943062A66}.Debug.ActiveCfg = Debug|Win32
		{3003F7D0-0F84-42C5-FE8A-2B5943062A66}.Debug.Build.0 = Debug|Win32
		{80D23D44-557C-C763-AC7A-6984F6D91243}.Release.ActiveCfg = Release|Win32
		{80D23D44-557C-C763-AC7A-6984F6D91243}.Release.Build.0 = Release|Win32
		{80D23D44-557C-C763-AC7A-6984F6D91243}.Debug.ActiveCfg = Debug|Win32
		{80D23D44-557C-C763-AC7A-6984F6D91243}.Debug.Build.0 = Debug|Win32
		{01585500-2818-9845-E99D-46451C8684B3}.Release.ActiveCfg = Release|Win32
		{01585500-2818-9845-E99D-46451C8684B3}.Release.Build.0 = Release|Win32
		{01585500-2818-9845-E99D-46451C8684B3}.Debug.ActiveCfg = Debug|Win32
		{01585500-2818-9845-E99D-46451C8684B3}.Debug.Build.0 = Debug|Win32
		{03D4EFC3-5AB7-7471-F45F-B82EC21DE4A5}.Release.ActiveCfg = Release|Win32
		{03D4EFC3-5AB7-7471-F45F-B82EC21DE4A5}.Release.Build.0 = Release|Win32
		{03D4EFC3-5AB7-7471-F45F-B82EC21DE4A5}.Debug.ActiveCfg = Debug|Win32
		{03D4EFC3-5AB7-7471-F45F-B82EC21DE4A5}.Debug.Build.0 = Debug|Win32
		{E46CB2FE-C7FC-8900-683B-79547F8D5A46}.Release.ActiveCfg = Release|Win32
		{E46CB2FE-C7FC-8900-683B-79547F8D5A46}.Release.Build.0 = Release|Win32
		{E46CB2FE-C7FC-8900-683B-79547F8D5A46}.Debug.ActiveCfg = Debug|Win32
		{E46CB2FE-C7FC-8900-683B-79547F8D5A46}.Debug.Build.0 = Debug|Win32
		{E221859C-9445-1AA6-3E95-E33E77A8B396}.Release.ActiveCfg = Release|Win32
		{E221859C-9445-1AA6-3E95-E33E77A8B396}.Release.Build.0 = Release|Win32
		{E221859C-9445-1AA6-3E95-E33E77A8B396}.Debug.ActiveCfg = Debug|Win32
		{E221859C-9445-1AA6-3E95-E33E77A8B396}.Debug.Build.0 = Debug|Win32
		{F5342C71-4E6F-72A9-E16A-9669A5A62054}.Release.ActiveCfg = Release|Win32
		{F5342C71-4E6F-72A9-E16A-9669A5A62054}.Release.Build.0 = Release|Win32
		{F5342C71-4E6F-72A9-E16A-9669A5A62054}.Debug.ActiveCfg = Debug|Win32
		{F5342C71-4E6F-72A9-E16A-9669A5A62054}.Debug.Build.0 = Debug|Win32
		{A41DE1FF-BA11-703D-D9E2-B06FF60813B1}.Release.ActiveCfg = Release|Win32
		{A41DE1FF-BA11-703D-D9E2-B06FF60813B1}.Release.Build.0 = Release|Win32
		{A41DE1FF-BA11-703D-D9E2-B06FF60813B1}.Debug.ActiveCfg = Debug|Win32
		{A41DE1FF-BA11-703D-D9E2-B06FF60813B1}.Debug.Build.0 = Debug|Win32
		{A9CB02EA-EB26-F4CC-C9D2-C0A729B49A93}.Release.ActiveCfg = Release|Win32
		{A9CB02EA-EB26-F4CC-C9D2-C0A729B49A93}.Release.Build.0 = Release|Win32
		{A9CB02EA-EB26-F4CC-C9D2-C0A729B49A93}.Debug.ActiveCfg = Debug|Win32
		{A9CB02EA-EB26-F4CC-C9D2-C0A729B49A93}.Debug.Build.0 = Debug|Win32
		{5EF78382-21B8-FD27-6937-84B16B0544B7}.Release.ActiveCfg = Release|Win32
		{5EF78382-21B8-FD27-6937-84B16B0544B7}.Release.Build.0 = Release|Win32
		{5EF78382-21B8-FD27-6937-84B16B0544B7}.Debug.ActiveCfg = Debug|Win32
		{5EF78382-21B8-FD27-6937-84B16B0544B7}.Debug.Build.0 = Debug|Win32
		{CB1805CB-8E89-B83B-0F29-D8569E098351}.Release.ActiveCfg = Release|Win32
		{CB1805CB-8E89-B83B-0F29-D8569E098351}.Release.Build.0 = Release|Win32
		{CB1805CB-8E89-B83B-0F29-D8569E098351}.Debug.ActiveCfg = Debug|Win32
		{CB1805CB-8E89-B83B-0F29-D8569E098351}.Debug.Build.0 = Debug|Win32
		{7678893D-AC1B-3E14-6B8B-3C45D5FD4FFA}.Release.ActiveCfg = Release|Win32
		{7678893D-AC1B-3E14-6B8B-3C45D5FD4FFA}.Release.Build.0 = Release|Win32
		{7678893D-AC1B-3E14-6B8B-3C45D5FD4FFA}.Debug.ActiveCfg = Debug|Win32
		{7678893D-AC1B-3E14-6B8B-3C45D5FD4FFA}.Debug.Build.0 = Debug|Win32
		{01373DD0-AA91-AD26-E258-03C3692713F9}.Release.ActiveCfg = Release|Win32
		{01373DD0-AA91-AD26-E258-03C3692713F9}.Release.Build.0 = Release|Win32
		{01373DD0-AA91-AD26-E258-03C3692713F9}.Debug.ActiveCfg = Debug|Win32
		{01373DD0-AA91-AD26-E258-03C3692713F9}.Debug.Build.0 = Debug|Win32
		{1020E648-2350-8556-4CD6-29FFD41D5DD6}.Release.ActiveCfg = Release|Win32
		{1020E648-2350-8556-4CD6-29FFD41D5DD6}.Release.Build.0 = Release|Win32
		{1020E648-2350-8556-4CD6-29FFD41D5DD6}.Debug.ActiveCfg = Debug|Win32
		{1020E648-2350-8556-4CD6-29FFD41D5DD6}.Debug.Build.0 = Debug|Win32
	EndGlobalSection
	GlobalSection(ExtensibilityGlobals) = postSolution
	EndGlobalSection
	GlobalSection(ExtensibilityAddIns) = postSolution
	EndGlobalSection
EndGlobal
