Microsoft Visual Studio Solution File, Format Version 8.00
# Visual C++ Express 2005
Project("{8BC9CEB8-8B4A-11D0-8D11-00A0C91BC942}") = "appclient_static", "appclient_static.vcproj", "{82DCACAF-1E65-356A-733F-09181ADDD5D1}"
EndProject
Project("{8BC9CEB8-8B4A-11D0-8D11-00A0C91BC942}") = "appeventstest_static", "appeventstest_static.vcproj", "{3BFBF276-FB16-40C5-3A0B-5D689497BB74}"
EndProject
Project("{8BC9CEB8-8B4A-11D0-8D11-00A0C91BC942}") = "appserver_static", "appserver_static.vcproj", "{498F747F-CAF0-19D5-5831-5856CE08C0DC}"
EndProject
Project("{8BC9CEB8-8B4A-11D0-8D11-00A0C91BC942}") = "grpall_static", "grpall_static.vcproj", "{025A8D97-BA9D-441A-6C95-1AB1DDA432F3}"
EndProject
Project("{8BC9CEB8-8B4A-11D0-8D11-00A0C91BC942}") = "grpapps_static", "grpapps_static.vcproj", "{E52C45F7-9F93-B2E3-AEC6-7091557B118C}"
EndProject
Project("{8BC9CEB8-8B4A-11D0-8D11-00A0C91BC942}") = "grplibs_static", "grplibs_static.vcproj", "{69CC6DCF-6F53-3C1A-B2DD-FFBB09C068AE}"
EndProject
Project("{8BC9CEB8-8B4A-11D0-8D11-00A0C91BC942}") = "libptclient", "libptclient.vcproj", "{1C461795-CAA6-7307-E9C7-851A86610644}"
EndProject
Project("{8BC9CEB8-8B4A-11D0-8D11-00A0C91BC942}") = "libptcommon", "libptcommon.vcproj", "{F4D09ECD-4FE7-5CC7-4FF3-357CC4840F55}"
EndProject
Project("{8BC9CEB8-8B4A-11D0-8D11-00A0C91BC942}") = "libsqlite_lib", "libsqlite_lib.vcproj", "{CB1805CB-8E89-B83B-0F29-D8569E098351}"
EndProject
Project("{8BC9CEB8-8B4A-11D0-8D11-00A0C91BC942}") = "libtinyxml", "libtinyxml.vcproj", "{7678893D-AC1B-3E14-6B8B-3C45D5FD4FFA}"
EndProject
Global
	GlobalSection(SolutionConfiguration) = preSolution
		ConfigName.0 = Release
		ConfigName.1 = Debug
	EndGlobalSection
	GlobalSection(ProjectDependencies) = postSolution
		{498F747F-CAF0-19D5-5831-5856CE08C0DC}.0 = {7678893D-AC1B-3E14-6B8B-3C45D5FD4FFA}
		{025A8D97-BA9D-441A-6C95-1AB1DDA432F3}.0 = {82DCACAF-1E65-356A-733F-09181ADDD5D1}
		{025A8D97-BA9D-441A-6C95-1AB1DDA432F3}.1 = {3BFBF276-FB16-40C5-3A0B-5D689497BB74}
		{025A8D97-BA9D-441A-6C95-1AB1DDA432F3}.2 = {498F747F-CAF0-19D5-5831-5856CE08C0DC}
		{025A8D97-BA9D-441A-6C95-1AB1DDA432F3}.3 = {1C461795-CAA6-7307-E9C7-851A86610644}
		{025A8D97-BA9D-441A-6C95-1AB1DDA432F3}.4 = {F4D09ECD-4FE7-5CC7-4FF3-357CC4840F55}
		{025A8D97-BA9D-441A-6C95-1AB1DDA432F3}.5 = {CB1805CB-8E89-B83B-0F29-D8569E098351}
		{025A8D97-BA9D-441A-6C95-1AB1DDA432F3}.6 = {7678893D-AC1B-3E14-6B8B-3C45D5FD4FFA}
		{E52C45F7-9F93-B2E3-AEC6-7091557B118C}.0 = {82DCACAF-1E65-356A-733F-09181ADDD5D1}
		{E52C45F7-9F93-B2E3-AEC6-7091557B118C}.1 = {3BFBF276-FB16-40C5-3A0B-5D689497BB74}
		{E52C45F7-9F93-B2E3-AEC6-7091557B118C}.2 = {498F747F-CAF0-19D5-5831-5856CE08C0DC}
		{69CC6DCF-6F53-3C1A-B2DD-FFBB09C068AE}.0 = {1C461795-CAA6-7307-E9C7-851A86610644}
		{69CC6DCF-6F53-3C1A-B2DD-FFBB09C068AE}.1 = {F4D09ECD-4FE7-5CC7-4FF3-357CC4840F55}
		{69CC6DCF-6F53-3C1A-B2DD-FFBB09C068AE}.2 = {CB1805CB-8E89-B83B-0F29-D8569E098351}
		{69CC6DCF-6F53-3C1A-B2DD-FFBB09C068AE}.3 = {7678893D-AC1B-3E14-6B8B-3C45D5FD4FFA}
		{1C461795-CAA6-7307-E9C7-851A86610644}.0 = {F4D09ECD-4FE7-5CC7-4FF3-357CC4840F55}
	EndGlobalSection
	GlobalSection(ProjectConfiguration) = postSolution
		{82DCACAF-1E65-356A-733F-09181ADDD5D1}.Release.ActiveCfg = Release|Win32
		{82DCACAF-1E65-356A-733F-09181ADDD5D1}.Release.Build.0 = Release|Win32
		{82DCACAF-1E65-356A-733F-09181ADDD5D1}.Debug.ActiveCfg = Debug|Win32
		{82DCACAF-1E65-356A-733F-09181ADDD5D1}.Debug.Build.0 = Debug|Win32
		{3BFBF276-FB16-40C5-3A0B-5D689497BB74}.Release.ActiveCfg = Release|Win32
		{3BFBF276-FB16-40C5-3A0B-5D689497BB74}.Release.Build.0 = Release|Win32
		{3BFBF276-FB16-40C5-3A0B-5D689497BB74}.Debug.ActiveCfg = Debug|Win32
		{3BFBF276-FB16-40C5-3A0B-5D689497BB74}.Debug.Build.0 = Debug|Win32
		{498F747F-CAF0-19D5-5831-5856CE08C0DC}.Release.ActiveCfg = Release|Win32
		{498F747F-CAF0-19D5-5831-5856CE08C0DC}.Release.Build.0 = Release|Win32
		{498F747F-CAF0-19D5-5831-5856CE08C0DC}.Debug.ActiveCfg = Debug|Win32
		{498F747F-CAF0-19D5-5831-5856CE08C0DC}.Debug.Build.0 = Debug|Win32
		{025A8D97-BA9D-441A-6C95-1AB1DDA432F3}.Release.ActiveCfg = Release|Win32
		{025A8D97-BA9D-441A-6C95-1AB1DDA432F3}.Release.Build.0 = Release|Win32
		{025A8D97-BA9D-441A-6C95-1AB1DDA432F3}.Debug.ActiveCfg = Debug|Win32
		{025A8D97-BA9D-441A-6C95-1AB1DDA432F3}.Debug.Build.0 = Debug|Win32
		{E52C45F7-9F93-B2E3-AEC6-7091557B118C}.Release.ActiveCfg = Release|Win32
		{E52C45F7-9F93-B2E3-AEC6-7091557B118C}.Release.Build.0 = Release|Win32
		{E52C45F7-9F93-B2E3-AEC6-7091557B118C}.Debug.ActiveCfg = Debug|Win32
		{E52C45F7-9F93-B2E3-AEC6-7091557B118C}.Debug.Build.0 = Debug|Win32
		{69CC6DCF-6F53-3C1A-B2DD-FFBB09C068AE}.Release.ActiveCfg = Release|Win32
		{69CC6DCF-6F53-3C1A-B2DD-FFBB09C068AE}.Release.Build.0 = Release|Win32
		{69CC6DCF-6F53-3C1A-B2DD-FFBB09C068AE}.Debug.ActiveCfg = Debug|Win32
		{69CC6DCF-6F53-3C1A-B2DD-FFBB09C068AE}.Debug.Build.0 = Debug|Win32
		{1C461795-CAA6-7307-E9C7-851A86610644}.Release.ActiveCfg = Release|Win32
		{1C461795-CAA6-7307-E9C7-851A86610644}.Release.Build.0 = Release|Win32
		{1C461795-CAA6-7307-E9C7-851A86610644}.Debug.ActiveCfg = Debug|Win32
		{1C461795-CAA6-7307-E9C7-851A86610644}.Debug.Build.0 = Debug|Win32
		{F4D09ECD-4FE7-5CC7-4FF3-357CC4840F55}.Release.ActiveCfg = Release|Win32
		{F4D09ECD-4FE7-5CC7-4FF3-357CC4840F55}.Release.Build.0 = Release|Win32
		{F4D09ECD-4FE7-5CC7-4FF3-357CC4840F55}.Debug.ActiveCfg = Debug|Win32
		{F4D09ECD-4FE7-5CC7-4FF3-357CC4840F55}.Debug.Build.0 = Debug|Win32
		{CB1805CB-8E89-B83B-0F29-D8569E098351}.Release.ActiveCfg = Release|Win32
		{CB1805CB-8E89-B83B-0F29-D8569E098351}.Release.Build.0 = Release|Win32
		{CB1805CB-8E89-B83B-0F29-D8569E098351}.Debug.ActiveCfg = Debug|Win32
		{CB1805CB-8E89-B83B-0F29-D8569E098351}.Debug.Build.0 = Debug|Win32
		{7678893D-AC1B-3E14-6B8B-3C45D5FD4FFA}.Release.ActiveCfg = Release|Win32
		{7678893D-AC1B-3E14-6B8B-3C45D5FD4FFA}.Release.Build.0 = Release|Win32
		{7678893D-AC1B-3E14-6B8B-3C45D5FD4FFA}.Debug.ActiveCfg = Debug|Win32
		{7678893D-AC1B-3E14-6B8B-3C45D5FD4FFA}.Debug.Build.0 = Debug|Win32
	EndGlobalSection
	GlobalSection(ExtensibilityGlobals) = postSolution
	EndGlobalSection
	GlobalSection(ExtensibilityAddIns) = postSolution
	EndGlobalSection
EndGlobal
