Microsoft Visual Studio Solution File, Format Version 8.00
# Visual C++ Express 2005
Project("{8BC9CEB8-8B4A-11D0-8D11-00A0C91BC942}") = "appclient_static", "appclient_static.vcproj", "{82DCACAF-1E65-356A-733F-09181ADDD5D1}"
EndProject
Project("{8BC9CEB8-8B4A-11D0-8D11-00A0C91BC942}") = "appeventstest_static", "appeventstest_static.vcproj", "{3BFBF276-FB16-40C5-3A0B-5D689497BB74}"
EndProject
Project("{8BC9CEB8-8B4A-11D0-8D11-00A0C91BC942}") = "appserver_static", "appserver_static.vcproj", "{498F747F-CAF0-19D5-5831-5856CE08C0DC}"
EndProject
Project("{8BC9CEB8-8B4A-11D0-8D11-00A0C91BC942}") = "grpall_static", "grpall_static.vcproj", "{025A8D97-BA9D-441A-6C95-1AB1DDA432F3}"
EndProject
Project("{8BC9CEB8-8B4A-11D0-8D11-00A0C91BC942}") = "grpapps_static", "grpapps_static.vcproj", "{E52C45F7-9F93-B2E3-AEC6-7091557B118C}"
EndProject
Project("{8BC9CEB8-8B4A-11D0-8D11-00A0C91BC942}") = "grplibs_static", "grplibs_static.vcproj", "{69CC6DCF-6F53-3C1A-B2DD-FFBB09C068AE}"
EndProject
Project("{8BC9CEB8-8B4A-11D0-8D11-00A0C91BC942}") = "libclient-chatmanager", "libclient-chatmanager.vcproj", "{C007A05D-5A86-5DDF-1151-4D6C236BBF8F}"
EndProject
Project("{8BC9CEB8-8B4A-11D0-8D11-00A0C91BC942}") = "libclient-combatmanager", "libclient-combatmanager.vcproj", "{A083C033-9407-7708-ADAE-B98A9FF52564}"
EndProject
Project("{8BC9CEB8-8B4A-11D0-8D11-00A0C91BC942}") = "libclient-console", "libclient-console.vcproj", "{89CAACA7-EE9D-973C-D2BB-EBD74E360C82}"
EndProject
Project("{8BC9CEB8-8B4A-11D0-8D11-00A0C91BC942}") = "libclient-entitymanager", "libclient-entitymanager.vcproj", "{BF4129D2-DB7C-DED2-8AC2-D31815CC0CA7}"
EndProject
Project("{8BC9CEB8-8B4A-11D0-8D11-00A0C91BC942}") = "libclient-eventmanager", "libclient-eventmanager.vcproj", "{3AE64EBD-985B-9739-5B26-A01B3B069369}"
EndProject
Project("{8BC9CEB8-8B4A-11D0-8D11-00A0C91BC942}") = "libclient-gui", "libclient-gui.vcproj", "{3003F7D0-0F84-42C5-FE8A-2B5943062A66}"
EndProject
Project("{8BC9CEB8-8B4A-11D0-8D11-00A0C91BC942}") = "libclient-inputmanager", "libclient-inputmanager.vcproj", "{80D23D44-557C-C763-AC7A-6984F6D91243}"
EndProject
Project("{8BC9CEB8-8B4A-11D0-8D11-00A0C91BC942}") = "libclient-network", "libclient-network.vcproj", "{01585500-2818-9845-E99D-46451C8684B3}"
EndProject
Project("{8BC9CEB8-8B4A-11D0-8D11-00A0C91BC942}") = "libclient-reporter", "libclient-reporter.vcproj", "{03D4EFC3-5AB7-7471-F45F-B82EC21DE4A5}"
EndProject
Project("{8BC9CEB8-8B4A-11D0-8D11-00A0C91BC942}") = "libclient-trademanager", "libclient-trademanager.vcproj", "{E46CB2FE-C7FC-8900-683B-79547F8D5A46}"
EndProject
Project("{8BC9CEB8-8B4A-11D0-8D11-00A0C91BC942}") = "libevents", "libevents.vcproj", "{E221859C-9445-1AA6-3E95-E33E77A8B396}"
EndProject
Project("{8BC9CEB8-8B4A-11D0-8D11-00A0C91BC942}") = "libnetwork", "libnetwork.vcproj", "{F5342C71-4E6F-72A9-E16A-9669A5A62054}"
EndProject
Project("{8BC9CEB8-8B4A-11D0-8D11-00A0C91BC942}") = "libquest", "libquest.vcproj", "{A41DE1FF-BA11-703D-D9E2-B06FF60813B1}"
EndProject
Project("{8BC9CEB8-8B4A-11D0-8D11-00A0C91BC942}") = "libserver-ai", "libserver-ai.vcproj", "{A9CB02EA-EB26-F4CC-C9D2-C0A729B49A93}"
EndProject
Project("{8BC9CEB8-8B4A-11D0-8D11-00A0C91BC942}") = "libserver-entity", "libserver-entity.vcproj", "{5EF78382-21B8-FD27-6937-84B16B0544B7}"
EndProject
Project("{8BC9CEB8-8B4A-11D0-8D11-00A0C91BC942}") = "libsqlite_lib", "libsqlite_lib.vcproj", "{CB1805CB-8E89-B83B-0F29-D8569E098351}"
EndProject
Project("{8BC9CEB8-8B4A-11D0-8D11-00A0C91BC942}") = "libtinyxml", "libtinyxml.vcproj", "{7678893D-AC1B-3E14-6B8B-3C45D5FD4FFA}"
EndProject
Project("{8BC9CEB8-8B4A-11D0-8D11-00A0C91BC942}") = "libudp-network", "libudp-network.vcproj", "{01373DD0-AA91-AD26-E258-03C3692713F9}"
EndProject
Project("{8BC9CEB8-8B4A-11D0-8D11-00A0C91BC942}") = "libutil", "libutil.vcproj", "{1020E648-2350-8556-4CD6-29FFD41D5DD6}"
EndProject
Global
	GlobalSection(SolutionConfiguration) = preSolution
		ConfigName.0 = Release
		ConfigName.1 = Debug
	EndGlobalSection
	GlobalSection(ProjectDependencies) = postSolution
		{82DCACAF-1E65-356A-733F-09181ADDD5D1}.0 = {C007A05D-5A86-5DDF-1151-4D6C236BBF8F}
		{82DCACAF-1E65-356A-733F-09181ADDD5D1}.1 = {A083C033-9407-7708-ADAE-B98A9FF52564}
		{82DCACAF-1E65-356A-733F-09181ADDD5D1}.2 = {89CAACA7-EE9D-973C-D2BB-EBD74E360C82}
		{82DCACAF-1E65-356A-733F-09181ADDD5D1}.3 = {BF4129D2-DB7C-DED2-8AC2-D31815CC0CA7}
		{82DCACAF-1E65-356A-733F-09181ADDD5D1}.4 = {3AE64EBD-985B-9739-5B26-A01B3B069369}
		{82DCACAF-1E65-356A-733F-09181ADDD5D1}.5 = {3003F7D0-0F84-42C5-FE8A-2B5943062A66}
		{82DCACAF-1E65-356A-733F-09181ADDD5D1}.6 = {80D23D44-557C-C763-AC7A-6984F6D91243}
		{82DCACAF-1E65-356A-733F-09181ADDD5D1}.7 = {01585500-2818-9845-E99D-46451C8684B3}
		{82DCACAF-1E65-356A-733F-09181ADDD5D1}.8 = {03D4EFC3-5AB7-7471-F45F-B82EC21DE4A5}
		{82DCACAF-1E65-356A-733F-09181ADDD5D1}.9 = {E46CB2FE-C7FC-8900-683B-79547F8D5A46}
		{82DCACAF-1E65-356A-733F-09181ADDD5D1}.10 = {1020E648-2350-8556-4CD6-29FFD41D5DD6}
		{3BFBF276-FB16-40C5-3A0B-5D689497BB74}.0 = {E221859C-9445-1AA6-3E95-E33E77A8B396}
		{498F747F-CAF0-19D5-5831-5856CE08C0DC}.0 = {A41DE1FF-BA11-703D-D9E2-B06FF60813B1}
		{498F747F-CAF0-19D5-5831-5856CE08C0DC}.1 = {A9CB02EA-EB26-F4CC-C9D2-C0A729B49A93}
		{498F747F-CAF0-19D5-5831-5856CE08C0DC}.2 = {5EF78382-21B8-FD27-6937-84B16B0544B7}
		{498F747F-CAF0-19D5-5831-5856CE08C0DC}.3 = {7678893D-AC1B-3E14-6B8B-3C45D5FD4FFA}
		{498F747F-CAF0-19D5-5831-5856CE08C0DC}.4 = {1020E648-2350-8556-4CD6-29FFD41D5DD6}
		{025A8D97-BA9D-441A-6C95-1AB1DDA432F3}.0 = {82DCACAF-1E65-356A-733F-09181ADDD5D1}
		{025A8D97-BA9D-441A-6C95-1AB1DDA432F3}.1 = {3BFBF276-FB16-40C5-3A0B-5D689497BB74}
		{025A8D97-BA9D-441A-6C95-1AB1DDA432F3}.2 = {498F747F-CAF0-19D5-5831-5856CE08C0DC}
		{025A8D97-BA9D-441A-6C95-1AB1DDA432F3}.3 = {C007A05D-5A86-5DDF-1151-4D6C236BBF8F}
		{025A8D97-BA9D-441A-6C95-1AB1DDA432F3}.4 = {A083C033-9407-7708-ADAE-B98A9FF52564}
		{025A8D97-BA9D-441A-6C95-1AB1DDA432F3}.5 = {89CAACA7-EE9D-973C-D2BB-EBD74E360C82}
		{025A8D97-BA9D-441A-6C95-1AB1DDA432F3}.6 = {BF4129D2-DB7C-DED2-8AC2-D31815CC0CA7}
		{025A8D97-BA9D-441A-6C95-1AB1DDA432F3}.7 = {3AE64EBD-985B-9739-5B26-A01B3B069369}
		{025A8D97-BA9D-441A-6C95-1AB1DDA432F3}.8 = {3003F7D0-0F84-42C5-FE8A-2B5943062A66}
		{025A8D97-BA9D-441A-6C95-1AB1DDA432F3}.9 = {80D23D44-557C-C763-AC7A-6984F6D91243}
		{025A8D97-BA9D-441A-6C95-1AB1DDA432F3}.10 = {01585500-2818-9845-E99D-46451C8684B3}
		{025A8D97-BA9D-441A-6C95-1AB1DDA432F3}.11 = {03D4EFC3-5AB7-7471-F45F-B82EC21DE4A5}
		{025A8D97-BA9D-441A-6C95-1AB1DDA432F3}.12 = {E46CB2FE-C7FC-8900-683B-79547F8D5A46}
		{025A8D97-BA9D-441A-6C95-1AB1DDA432F3}.13 = {E221859C-9445-1AA6-3E95-E33E77A8B396}
		{025A8D97-BA9D-441A-6C95-1AB1DDA432F3}.14 = {F5342C71-4E6F-72A9-E16A-9669A5A62054}
		{025A8D97-BA9D-441A-6C95-1AB1DDA432F3}.15 = {A41DE1FF-BA11-703D-D9E2-B06FF60813B1}
		{025A8D97-BA9D-441A-6C95-1AB1DDA432F3}.16 = {A9CB02EA-EB26-F4CC-C9D2-C0A729B49A93}
		{025A8D97-BA9D-441A-6C95-1AB1DDA432F3}.17 = {5EF78382-21B8-FD27-6937-84B16B0544B7}
		{025A8D97-BA9D-441A-6C95-1AB1DDA432F3}.18 = {CB1805CB-8E89-B83B-0F29-D8569E098351}
		{025A8D97-BA9D-441A-6C95-1AB1DDA432F3}.19 = {7678893D-AC1B-3E14-6B8B-3C45D5FD4FFA}
		{025A8D97-BA9D-441A-6C95-1AB1DDA432F3}.20 = {01373DD0-AA91-AD26-E258-03C3692713F9}
		{025A8D97-BA9D-441A-6C95-1AB1DDA432F3}.21 = {1020E648-2350-8556-4CD6-29FFD41D5DD6}
		{E52C45F7-9F93-B2E3-AEC6-7091557B118C}.0 = {82DCACAF-1E65-356A-733F-09181ADDD5D1}
		{E52C45F7-9F93-B2E3-AEC6-7091557B118C}.1 = {3BFBF276-FB16-40C5-3A0B-5D689497BB74}
		{E52C45F7-9F93-B2E3-AEC6-7091557B118C}.2 = {498F747F-CAF0-19D5-5831-5856CE08C0DC}
		{69CC6DCF-6F53-3C1A-B2DD-FFBB09C068AE}.0 = {C007A05D-5A86-5DDF-1151-4D6C236BBF8F}
		{69CC6DCF-6F53-3C1A-B2DD-FFBB09C068AE}.1 = {A083C033-9407-7708-ADAE-B98A9FF52564}
		{69CC6DCF-6F53-3C1A-B2DD-FFBB09C068AE}.2 = {89CAACA7-EE9D-973C-D2BB-EBD74E360C82}
		{69CC6DCF-6F53-3C1A-B2DD-FFBB09C068AE}.3 = {BF4129D2-DB7C-DED2-8AC2-D31815CC0CA7}
		{69CC6DCF-6F53-3C1A-B2DD-FFBB09C068AE}.4 = {3AE64EBD-985B-9739-5B26-A01B3B069369}
		{69CC6DCF-6F53-3C1A-B2DD-FFBB09C068AE}.5 = {3003F7D0-0F84-42C5-FE8A-2B5943062A66}
		{69CC6DCF-6F53-3C1A-B2DD-FFBB09C068AE}.6 = {80D23D44-557C-C763-AC7A-6984F6D91243}
		{69CC6DCF-6F53-3C1A-B2DD-FFBB09C068AE}.7 = {01585500-2818-9845-E99D-46451C8684B3}
		{69CC6DCF-6F53-3C1A-B2DD-FFBB09C068AE}.8 = {03D4EFC3-5AB7-7471-F45F-B82EC21DE4A5}
		{69CC6DCF-6F53-3C1A-B2DD-FFBB09C068AE}.9 = {E46CB2FE-C7FC-8900-683B-79547F8D5A46}
		{69CC6DCF-6F53-3C1A-B2DD-FFBB09C068AE}.10 = {E221859C-9445-1AA6-3E95-E33E77A8B396}
		{69CC6DCF-6F53-3C1A-B2DD-FFBB09C068AE}.11 = {F5342C71-4E6F-72A9-E16A-9669A5A62054}
		{69CC6DCF-6F53-3C1A-B2DD-FFBB09C068AE}.12 = {A41DE1FF-BA11-703D-D9E2-B06FF60813B1}
		{69CC6DCF-6F53-3C1A-B2DD-FFBB09C068AE}.13 = {A9CB02EA-EB26-F4CC-C9D2-C0A729B49A93}
		{69CC6DCF-6F53-3C1A-B2DD-FFBB09C068AE}.14 = {5EF78382-21B8-FD27-6937-84B16B0544B7}
		{69CC6DCF-6F53-3C1A-B2DD-FFBB09C068AE}.15 = {CB1805CB-8E89-B83B-0F29-D8569E098351}
		{69CC6DCF-6F53-3C1A-B2DD-FFBB09C068AE}.16 = {7678893D-AC1B-3E14-6B8B-3C45D5FD4FFA}
		{69CC6DCF-6F53-3C1A-B2DD-FFBB09C068AE}.17 = {01373DD0-AA91-AD26-E258-03C3692713F9}
		{69CC6DCF-6F53-3C1A-B2DD-FFBB09C068AE}.18 = {1020E648-2350-8556-4CD6-29FFD41D5DD6}
		{01585500-2818-9845-E99D-46451C8684B3}.0 = {F5342C71-4E6F-72A9-E16A-9669A5A62054}
		{F5342C71-4E6F-72A9-E16A-9669A5A62054}.0 = {01373DD0-AA91-AD26-E258-03C3692713F9}
	EndGlobalSection
	GlobalSection(ProjectConfiguration) = postSolution
		{82DCACAF-1E65-356A-733F-09181ADDD5D1}.Release.ActiveCfg = Release|Win32
		{82DCACAF-1E65-356A-733F-09181ADDD5D1}.Release.Build.0 = Release|Win32
		{82DCACAF-1E65-356A-733F-09181ADDD5D1}.Debug.ActiveCfg = Debug|Win32
		{82DCACAF-1E65-356A-733F-09181ADDD5D1}.Debug.Build.0 = Debug|Win32
		{3BFBF276-FB16-40C5-3A0B-5D689497BB74}.Release.ActiveCfg = Release|Win32
		{3BFBF276-FB16-40C5-3A0B-5D689497BB74}.Release.Build.0 = Release|Win32
		{3BFBF276-FB16-40C5-3A0B-5D689497BB74}.Debug.ActiveCfg = Debug|Win32
		{3BFBF276-FB16-40C5-3A0B-5D689497BB74}.Debug.Build.0 = Debug|Win32
		{498F747F-CAF0-19D5-5831-5856CE08C0DC}.Release.ActiveCfg = Release|Win32
		{498F747F-CAF0-19D5-5831-5856CE08C0DC}.Release.Build.0 = Release|Win32
		{498F747F-CAF0-19D5-5831-5856CE08C0DC}.Debug.ActiveCfg = Debug|Win32
		{498F747F-CAF0-19D5-5831-5856CE08C0DC}.Debug.Build.0 = Debug|Win32
		{025A8D97-BA9D-441A-6C95-1AB1DDA432F3}.Release.ActiveCfg = Release|Win32
		{025A8D97-BA9D-441A-6C95-1AB1DDA432F3}.Release.Build.0 = Release|Win32
		{025A8D97-BA9D-441A-6C95-1AB1DDA432F3}.Debug.ActiveCfg = Debug|Win32
		{025A8D97-BA9D-441A-6C95-1AB1DDA432F3}.Debug.Build.0 = Debug|Win32
		{E52C45F7-9F93-B2E3-AEC6-7091557B118C}.Release.ActiveCfg = Release|Win32
		{E52C45F7-9F93-B2E3-AEC6-7091557B118C}.Release.Build.0 = Release|Win32
		{E52C45F7-9F93-B2E3-AEC6-7091557B118C}.Debug.ActiveCfg = Debug|Win32
		{E52C45F7-9F93-B2E3-AEC6-7091557B118C}.Debug.Build.0 = Debug|Win32
		{69CC6DCF-6F53-3C1A-B2DD-FFBB09C068AE}.Release.ActiveCfg = Release|Win32
		{69CC6DCF-6F53-3C1A-B2DD-FFBB09C068AE}.Release.Build.0 = Release|Win32
		{69CC6DCF-6F53-3C1A-B2DD-FFBB09C068AE}.Debug.ActiveCfg = Debug|Win32
		{69CC6DCF-6F53-3C1A-B2DD-FFBB09C068AE}.Debug.Build.0 = Debug|Win32
		{C007A05D-5A86-5DDF-1151-4D6C236BBF8F}.Release.ActiveCfg = Release|Win32
		{C007A05D-5A86-5DDF-1151-4D6C236BBF8F}.Release.Build.0 = Release|Win32
		{C007A05D-5A86-5DDF-1151-4D6C236BBF8F}.Debug.ActiveCfg = Debug|Win32
		{C007A05D-5A86-5DDF-1151-4D6C236BBF8F}.Debug.Build.0 = Debug|Win32
		{A083C033-9407-7708-ADAE-B98A9FF52564}.Release.ActiveCfg = Release|Win32
		{A083C033-9407-7708-ADAE-B98A9FF52564}.Release.Build.0 = Release|Win32
		{A083C033-9407-7708-ADAE-B98A9FF52564}.Debug.ActiveCfg = Debug|Win32
		{A083C033-9407-7708-ADAE-B98A9FF52564}.Debug.Build.0 = Debug|Win32
		{89CAACA7-EE9D-973C-D2BB-EBD74E360C82}.Release.ActiveCfg = Release|Win32
		{89CAACA7-EE9D-973C-D2BB-EBD74E360C82}.Release.Build.0 = Release|Win32
		{89CAACA7-EE9D-973C-D2BB-EBD74E360C82}.Debug.ActiveCfg = Debug|Win32
		{89CAACA7-EE9D-973C-D2BB-EBD74E360C82}.Debug.Build.0 = Debug|Win32
		{BF4129D2-DB7C-DED2-8AC2-D31815CC0CA7}.Release.ActiveCfg = Release|Win32
		{BF4129D2-DB7C-DED2-8AC2-D31815CC0CA7}.Release.Build.0 = Release|Win32
		{BF4129D2-DB7C-DED2-8AC2-D31815CC0CA7}.Debug.ActiveCfg = Debug|Win32
		{BF4129D2-DB7C-DED2-8AC2-D31815CC0CA7}.Debug.Build.0 = Debug|Win32
		{3AE64EBD-985B-9739-5B26-A01B3B069369}.Release.ActiveCfg = Release|Win32
		{3AE64EBD-985B-9739-5B26-A01B3B069369}.Release.Build.0 = Release|Win32
		{3AE64EBD-985B-9739-5B26-A01B3B069369}.Debug.ActiveCfg = Debug|Win32
		{3AE64EBD-985B-9739-5B26-A01B3B069369}.Debug.Build.0 = Debug|Win32
		{3003F7D0-0F84-42C5-FE8A-2B5943062A66}.Release.ActiveCfg = Release|Win32
		{3003F7D0-0F84-42C5-FE8A-2B5943062A66}.Release.Build.0 = Release|Win32
		{3003F7D0-0F84-42C5-FE8A-2B5943062A66}.Debug.ActiveCfg = Debug|Win32
		{3003F7D0-0F84-42C5-FE8A-2B5943062A66}.Debug.Build.0 = Debug|Win32
		{80D23D44-557C-C763-AC7A-6984F6D91243}.Release.ActiveCfg = Release|Win32
		{80D23D44-557C-C763-AC7A-6984F6D91243}.Release.Build.0 = Release|Win32
		{80D23D44-557C-C763-AC7A-6984F6D91243}.Debug.ActiveCfg = Debug|Win32
		{80D23D44-557C-C763-AC7A-6984F6D91243}.Debug.Build.0 = Debug|Win32
		{01585500-2818-9845-E99D-46451C8684B3}.Release.ActiveCfg = Release|Win32
		{01585500-2818-9845-E99D-46451C8684B3}.Release.Build.0 = Release|Win32
		{01585500-2818-9845-E99D-46451C8684B3}.Debug.ActiveCfg = Debug|Win32
		{01585500-2818-9845-E99D-46451C8684B3}.Debug.Build.0 = Debug|Win32
		{03D4EFC3-5AB7-7471-F45F-B82EC21DE4A5}.Release.ActiveCfg = Release|Win32
		{03D4EFC3-5AB7-7471-F45F-B82EC21DE4A5}.Release.Build.0 = Release|Win32
		{03D4EFC3-5AB7-7471-F45F-B82EC21DE4A5}.Debug.ActiveCfg = Debug|Win32
		{03D4EFC3-5AB7-7471-F45F-B82EC21DE4A5}.Debug.Build.0 = Debug|Win32
		{E46CB2FE-C7FC-8900-683B-79547F8D5A46}.Release.ActiveCfg = Release|Win32
		{E46CB2FE-C7FC-8900-683B-79547F8D5A46}.Release.Build.0 = Release|Win32
		{E46CB2FE-C7FC-8900-683B-79547F8D5A46}.Debug.ActiveCfg = Debug|Win32
		{E46CB2FE-C7FC-8900-683B-79547F8D5A46}.Debug.Build.0 = Debug|Win32
		{E221859C-9445-1AA6-3E95-E33E77A8B396}.Release.ActiveCfg = Release|Win32
		{E221859C-9445-1AA6-3E95-E33E77A8B396}.Release.Build.0 = Release|Win32
		{E221859C-9445-1AA6-3E95-E33E77A8B396}.Debug.ActiveCfg = Debug|Win32
		{E221859C-9445-1AA6-3E95-E33E77A8B396}.Debug.Build.0 = Debug|Win32
		{F5342C71-4E6F-72A9-E16A-9669A5A62054}.Release.ActiveCfg = Release|Win32
		{F5342C71-4E6F-72A9-E16A-9669A5A62054}.Release.Build.0 = Release|Win32
		{F5342C71-4E6F-72A9-E16A-9669A5A62054}.Debug.ActiveCfg = Debug|Win32
		{F5342C71-4E6F-72A9-E16A-9669A5A62054}.Debug.Build.0 = Debug|Win32
		{A41DE1FF-BA11-703D-D9E2-B06FF60813B1}.Release.ActiveCfg = Release|Win32
		{A41DE1FF-BA11-703D-D9E2-B06FF60813B1}.Release.Build.0 = Release|Win32
		{A41DE1FF-BA11-703D-D9E2-B06FF60813B1}.Debug.ActiveCfg = Debug|Win32
		{A41DE1FF-BA11-703D-D9E2-B06FF60813B1}.Debug.Build.0 = Debug|Win32
		{A9CB02EA-EB26-F4CC-C9D2-C0A729B49A93}.Release.ActiveCfg = Release|Win32
		{A9CB02EA-EB26-F4CC-C9D2-C0A729B49A93}.Release.Build.0 = Release|Win32
		{A9CB02EA-EB26-F4CC-C9D2-C0A729B49A93}.Debug.ActiveCfg = Debug|Win32
		{A9CB02EA-EB26-F4CC-C9D2-C0A729B49A93}.Debug.Build.0 = Debug|Win32
		{5EF78382-21B8-FD27-6937-84B16B0544B7}.Release.ActiveCfg = Release|Win32
		{5EF78382-21B8-FD27-6937-84B16B0544B7}.Release.Build.0 = Release|Win32
		{5EF78382-21B8-FD27-6937-84B16B0544B7}.Debug.ActiveCfg = Debug|Win32
		{5EF78382-21B8-FD27-6937-84B16B0544B7}.Debug.Build.0 = Debug|Win32
		{CB1805CB-8E89-B83B-0F29-D8569E098351}.Release.ActiveCfg = Release|Win32
		{CB1805CB-8E89-B83B-0F29-D8569E098351}.Release.Build.0 = Release|Win32
		{CB1805CB-8E89-B83B-0F29-D8569E098351}.Debug.ActiveCfg = Debug|Win32
		{CB1805CB-8E89-B83B-0F29-D8569E098351}.Debug.Build.0 = Debug|Win32
		{7678893D-AC1B-3E14-6B8B-3C45D5FD4FFA}.Release.ActiveCfg = Release|Win32
		{7678893D-AC1B-3E14-6B8B-3C45D5FD4FFA}.Release.Build.0 = Release|Win32
		{7678893D-AC1B-3E14-6B8B-3C45D5FD4FFA}.Debug.ActiveCfg = Debug|Win32
		{7678893D-AC1B-3E14-6B8B-3C45D5FD4FFA}.Debug.Build.0 = Debug|Win32
		{01373DD0-AA91-AD26-E258-03C3692713F9}.Release.ActiveCfg = Release|Win32
		{01373DD0-AA91-AD26-E258-03C3692713F9}.Release.Build.0 = Release|Win32
		{01373DD0-AA91-AD26-E258-03C3692713F9}.Debug.ActiveCfg = Debug|Win32
		{01373DD0-AA91-AD26-E258-03C3692713F9}.Debug.Build.0 = Debug|Win32
		{1020E648-2350-8556-4CD6-29FFD41D5DD6}.Release.ActiveCfg = Release|Win32
		{1020E648-2350-8556-4CD6-29FFD41D5DD6}.Release.Build.0 = Release|Win32
		{1020E648-2350-8556-4CD6-29FFD41D5DD6}.Debug.ActiveCfg = Debug|Win32
		{1020E648-2350-8556-4CD6-29FFD41D5DD6}.Debug.Build.0 = Debug|Win32
	EndGlobalSection
	GlobalSection(ExtensibilityGlobals) = postSolution
	EndGlobalSection
	GlobalSection(ExtensibilityAddIns) = postSolution
	EndGlobalSection
EndGlobal
