Microsoft Visual Studio Solution File, Format Version 9.00
# Visual C++ Express 2005
Project("{8BC9CEB8-8B4A-11D0-8D11-00A0C91BC942}") = "appclient", "appclient.vcproj", "{6F4FA155-A555-1DCF-A1EF-136EC2D1F54C}"
	ProjectSection(ProjectDependencies) = postProject
		{1020E648-2350-8556-4CD6-29FFD41D5DD6} = {1020E648-2350-8556-4CD6-29FFD41D5DD6}
		{01585500-2818-9845-E99D-46451C8684B3} = {01585500-2818-9845-E99D-46451C8684B3}
		{6DA7E842-979D-39BD-42F9-3393796D192A} = {6DA7E842-979D-39BD-42F9-3393796D192A}
		{3003F7D0-0F84-42C5-FE8A-2B5943062A66} = {3003F7D0-0F84-42C5-FE8A-2B5943062A66}
		{BF4129D2-DB7C-DED2-8AC2-D31815CC0CA7} = {BF4129D2-DB7C-DED2-8AC2-D31815CC0CA7}
		{2EE13A6A-DC6B-891B-31FF-B46C22425096} = {2EE13A6A-DC6B-891B-31FF-B46C22425096}
		{89CAACA7-EE9D-973C-D2BB-EBD74E360C82} = {89CAACA7-EE9D-973C-D2BB-EBD74E360C82}
		{A083C033-9407-7708-ADAE-B98A9FF52564} = {A083C033-9407-7708-ADAE-B98A9FF52564}
	EndProjectSection
EndProject
Project("{8BC9CEB8-8B4A-11D0-8D11-00A0C91BC942}") = "appeffectstest", "appeffectstest.vcproj", "{F66FFC3F-1DDB-7DF7-6725-D1D2A0B86E8B}"
	ProjectSection(ProjectDependencies) = postProject
		{2EE13A6A-DC6B-891B-31FF-B46C22425096} = {2EE13A6A-DC6B-891B-31FF-B46C22425096}
	EndProjectSection
EndProject
Project("{8BC9CEB8-8B4A-11D0-8D11-00A0C91BC942}") = "appeventstest", "appeventstest.vcproj", "{F3623D1D-468A-EED0-7396-EA1496E16408}"
	ProjectSection(ProjectDependencies) = postProject
		{1020E648-2350-8556-4CD6-29FFD41D5DD6} = {1020E648-2350-8556-4CD6-29FFD41D5DD6}
		{E221859C-9445-1AA6-3E95-E33E77A8B396} = {E221859C-9445-1AA6-3E95-E33E77A8B396}
	EndProjectSection
EndProject
Project("{8BC9CEB8-8B4A-11D0-8D11-00A0C91BC942}") = "appserver", "appserver.vcproj", "{DCBD438A-BD93-EF7B-82CC-F4E563DB3F03}"
	ProjectSection(ProjectDependencies) = postProject
		{1020E648-2350-8556-4CD6-29FFD41D5DD6} = {1020E648-2350-8556-4CD6-29FFD41D5DD6}
		{7678893D-AC1B-3E14-6B8B-3C45D5FD4FFA} = {7678893D-AC1B-3E14-6B8B-3C45D5FD4FFA}
		{7A6598FD-8A88-8FD6-CBEA-3E31FFF93E13} = {7A6598FD-8A88-8FD6-CBEA-3E31FFF93E13}
		{DF7FFAEE-0932-F5F0-2AA4-912F1A290E1B} = {DF7FFAEE-0932-F5F0-2AA4-912F1A290E1B}
		{E7A688D1-8A42-4B49-96D4-997AEB366526} = {E7A688D1-8A42-4B49-96D4-997AEB366526}
		{5EF78382-21B8-FD27-6937-84B16B0544B7} = {5EF78382-21B8-FD27-6937-84B16B0544B7}
		{A9CB02EA-EB26-F4CC-C9D2-C0A729B49A93} = {A9CB02EA-EB26-F4CC-C9D2-C0A729B49A93}
		{A41DE1FF-BA11-703D-D9E2-B06FF60813B1} = {A41DE1FF-BA11-703D-D9E2-B06FF60813B1}
		{BC064E13-DAD5-1ECB-FDC6-9973C3C7E041} = {BC064E13-DAD5-1ECB-FDC6-9973C3C7E041}
	EndProjectSection
EndProject
Project("{8BC9CEB8-8B4A-11D0-8D11-00A0C91BC942}") = "libclient-combatmanager", "libclient-combatmanager.vcproj", "{A083C033-9407-7708-ADAE-B98A9FF52564}"
EndProject
Project("{8BC9CEB8-8B4A-11D0-8D11-00A0C91BC942}") = "libclient-console", "libclient-console.vcproj", "{89CAACA7-EE9D-973C-D2BB-EBD74E360C82}"
EndProject
Project("{8BC9CEB8-8B4A-11D0-8D11-00A0C91BC942}") = "libclient-effects", "libclient-effects.vcproj", "{2EE13A6A-DC6B-891B-31FF-B46C22425096}"
EndProject
Project("{8BC9CEB8-8B4A-11D0-8D11-00A0C91BC942}") = "libclient-entitymanager", "libclient-entitymanager.vcproj", "{BF4129D2-DB7C-DED2-8AC2-D31815CC0CA7}"
EndProject
Project("{8BC9CEB8-8B4A-11D0-8D11-00A0C91BC942}") = "libclient-gui", "libclient-gui.vcproj", "{3003F7D0-0F84-42C5-FE8A-2B5943062A66}"
EndProject
Project("{8BC9CEB8-8B4A-11D0-8D11-00A0C91BC942}") = "libclient-itemmanager", "libclient-itemmanager.vcproj", "{6DA7E842-979D-39BD-42F9-3393796D192A}"
EndProject
Project("{8BC9CEB8-8B4A-11D0-8D11-00A0C91BC942}") = "libclient-network", "libclient-network.vcproj", "{01585500-2818-9845-E99D-46451C8684B3}"
	ProjectSection(ProjectDependencies) = postProject
		{F5342C71-4E6F-72A9-E16A-9669A5A62054} = {F5342C71-4E6F-72A9-E16A-9669A5A62054}
	EndProjectSection
EndProject
Project("{8BC9CEB8-8B4A-11D0-8D11-00A0C91BC942}") = "libdatabase", "libdatabase.vcproj", "{BC064E13-DAD5-1ECB-FDC6-9973C3C7E041}"
	ProjectSection(ProjectDependencies) = postProject
		{A9CB02EA-EB26-F4CC-C9D2-C0A729B49A93} = {A9CB02EA-EB26-F4CC-C9D2-C0A729B49A93}
	EndProjectSection
EndProject
Project("{8BC9CEB8-8B4A-11D0-8D11-00A0C91BC942}") = "libevents", "libevents.vcproj", "{E221859C-9445-1AA6-3E95-E33E77A8B396}"
EndProject
Project("{8BC9CEB8-8B4A-11D0-8D11-00A0C91BC942}") = "libnetwork", "libnetwork.vcproj", "{F5342C71-4E6F-72A9-E16A-9669A5A62054}"
	ProjectSection(ProjectDependencies) = postProject
		{01373DD0-AA91-AD26-E258-03C3692713F9} = {01373DD0-AA91-AD26-E258-03C3692713F9}
	EndProjectSection
EndProject
Project("{8BC9CEB8-8B4A-11D0-8D11-00A0C91BC942}") = "libquest", "libquest.vcproj", "{A41DE1FF-BA11-703D-D9E2-B06FF60813B1}"
EndProject
Project("{8BC9CEB8-8B4A-11D0-8D11-00A0C91BC942}") = "libserver-ai", "libserver-ai.vcproj", "{A9CB02EA-EB26-F4CC-C9D2-C0A729B49A93}"
EndProject
Project("{8BC9CEB8-8B4A-11D0-8D11-00A0C91BC942}") = "libserver-entity", "libserver-entity.vcproj", "{5EF78382-21B8-FD27-6937-84B16B0544B7}"
EndProject
Project("{8BC9CEB8-8B4A-11D0-8D11-00A0C91BC942}") = "libserver-loader", "libserver-loader.vcproj", "{E7A688D1-8A42-4B49-96D4-997AEB366526}"
	ProjectSection(ProjectDependencies) = postProject
		{7678893D-AC1B-3E14-6B8B-3C45D5FD4FFA} = {7678893D-AC1B-3E14-6B8B-3C45D5FD4FFA}
	EndProjectSection
EndProject
Project("{8BC9CEB8-8B4A-11D0-8D11-00A0C91BC942}") = "libserver-network", "libserver-network.vcproj", "{DF7FFAEE-0932-F5F0-2AA4-912F1A290E1B}"
	ProjectSection(ProjectDependencies) = postProject
		{2C7D703A-96CF-7586-13F6-4E082DA679DC} = {2C7D703A-96CF-7586-13F6-4E082DA679DC}
		{5EF78382-21B8-FD27-6937-84B16B0544B7} = {5EF78382-21B8-FD27-6937-84B16B0544B7}
		{F5342C71-4E6F-72A9-E16A-9669A5A62054} = {F5342C71-4E6F-72A9-E16A-9669A5A62054}
	EndProjectSection
EndProject
Project("{8BC9CEB8-8B4A-11D0-8D11-00A0C91BC942}") = "libserver-udp-network", "libserver-udp-network.vcproj", "{2C7D703A-96CF-7586-13F6-4E082DA679DC}"
	ProjectSection(ProjectDependencies) = postProject
		{01373DD0-AA91-AD26-E258-03C3692713F9} = {01373DD0-AA91-AD26-E258-03C3692713F9}
	EndProjectSection
EndProject
Project("{8BC9CEB8-8B4A-11D0-8D11-00A0C91BC942}") = "libsqlite_adp", "libsqlite_adp.vcproj", "{7A6598FD-8A88-8FD6-CBEA-3E31FFF93E13}"
	ProjectSection(ProjectDependencies) = postProject
		{CB1805CB-8E89-B83B-0F29-D8569E098351} = {CB1805CB-8E89-B83B-0F29-D8569E098351}
	EndProjectSection
EndProject
Project("{8BC9CEB8-8B4A-11D0-8D11-00A0C91BC942}") = "libsqlite_lib", "libsqlite_lib.vcproj", "{CB1805CB-8E89-B83B-0F29-D8569E098351}"
EndProject
Project("{8BC9CEB8-8B4A-11D0-8D11-00A0C91BC942}") = "libtinyxml", "libtinyxml.vcproj", "{7678893D-AC1B-3E14-6B8B-3C45D5FD4FFA}"
EndProject
Project("{8BC9CEB8-8B4A-11D0-8D11-00A0C91BC942}") = "libudp-network", "libudp-network.vcproj", "{01373DD0-AA91-AD26-E258-03C3692713F9}"
EndProject
Project("{8BC9CEB8-8B4A-11D0-8D11-00A0C91BC942}") = "libutil", "libutil.vcproj", "{1020E648-2350-8556-4CD6-29FFD41D5DD6}"
EndProject
Global
	GlobalSection(SolutionConfigurationPlatforms) = preSolution
		Debug|Win32 = Debug|Win32
		Release|Win32 = Release|Win32
	EndGlobalSection
	GlobalSection(ProjectConfigurationPlatforms) = postSolution
		{6F4FA155-A555-1DCF-A1EF-136EC2D1F54C}.Debug|Win32.ActiveCfg = Debug|Win32
		{6F4FA155-A555-1DCF-A1EF-136EC2D1F54C}.Debug|Win32.Build.0 = Debug|Win32
		{6F4FA155-A555-1DCF-A1EF-136EC2D1F54C}.Release|Win32.ActiveCfg = Release|Win32
		{6F4FA155-A555-1DCF-A1EF-136EC2D1F54C}.Release|Win32.Build.0 = Release|Win32
		{F66FFC3F-1DDB-7DF7-6725-D1D2A0B86E8B}.Debug|Win32.ActiveCfg = Debug|Win32
		{F66FFC3F-1DDB-7DF7-6725-D1D2A0B86E8B}.Debug|Win32.Build.0 = Debug|Win32
		{F66FFC3F-1DDB-7DF7-6725-D1D2A0B86E8B}.Release|Win32.ActiveCfg = Release|Win32
		{F66FFC3F-1DDB-7DF7-6725-D1D2A0B86E8B}.Release|Win32.Build.0 = Release|Win32
		{F3623D1D-468A-EED0-7396-EA1496E16408}.Debug|Win32.ActiveCfg = Debug|Win32
		{F3623D1D-468A-EED0-7396-EA1496E16408}.Debug|Win32.Build.0 = Debug|Win32
		{F3623D1D-468A-EED0-7396-EA1496E16408}.Release|Win32.ActiveCfg = Release|Win32
		{F3623D1D-468A-EED0-7396-EA1496E16408}.Release|Win32.Build.0 = Release|Win32
		{DCBD438A-BD93-EF7B-82CC-F4E563DB3F03}.Debug|Win32.ActiveCfg = Debug|Win32
		{DCBD438A-BD93-EF7B-82CC-F4E563DB3F03}.Debug|Win32.Build.0 = Debug|Win32
		{DCBD438A-BD93-EF7B-82CC-F4E563DB3F03}.Release|Win32.ActiveCfg = Release|Win32
		{DCBD438A-BD93-EF7B-82CC-F4E563DB3F03}.Release|Win32.Build.0 = Release|Win32
		{A083C033-9407-7708-ADAE-B98A9FF52564}.Debug|Win32.ActiveCfg = Debug|Win32
		{A083C033-9407-7708-ADAE-B98A9FF52564}.Debug|Win32.Build.0 = Debug|Win32
		{A083C033-9407-7708-ADAE-B98A9FF52564}.Release|Win32.ActiveCfg = Release|Win32
		{A083C033-9407-7708-ADAE-B98A9FF52564}.Release|Win32.Build.0 = Release|Win32
		{89CAACA7-EE9D-973C-D2BB-EBD74E360C82}.Debug|Win32.ActiveCfg = Debug|Win32
		{89CAACA7-EE9D-973C-D2BB-EBD74E360C82}.Debug|Win32.Build.0 = Debug|Win32
		{89CAACA7-EE9D-973C-D2BB-EBD74E360C82}.Release|Win32.ActiveCfg = Release|Win32
		{89CAACA7-EE9D-973C-D2BB-EBD74E360C82}.Release|Win32.Build.0 = Release|Win32
		{2EE13A6A-DC6B-891B-31FF-B46C22425096}.Debug|Win32.ActiveCfg = Debug|Win32
		{2EE13A6A-DC6B-891B-31FF-B46C22425096}.Debug|Win32.Build.0 = Debug|Win32
		{2EE13A6A-DC6B-891B-31FF-B46C22425096}.Release|Win32.ActiveCfg = Release|Win32
		{2EE13A6A-DC6B-891B-31FF-B46C22425096}.Release|Win32.Build.0 = Release|Win32
		{BF4129D2-DB7C-DED2-8AC2-D31815CC0CA7}.Debug|Win32.ActiveCfg = Debug|Win32
		{BF4129D2-DB7C-DED2-8AC2-D31815CC0CA7}.Debug|Win32.Build.0 = Debug|Win32
		{BF4129D2-DB7C-DED2-8AC2-D31815CC0CA7}.Release|Win32.ActiveCfg = Release|Win32
		{BF4129D2-DB7C-DED2-8AC2-D31815CC0CA7}.Release|Win32.Build.0 = Release|Win32
		{3003F7D0-0F84-42C5-FE8A-2B5943062A66}.Debug|Win32.ActiveCfg = Debug|Win32
		{3003F7D0-0F84-42C5-FE8A-2B5943062A66}.Debug|Win32.Build.0 = Debug|Win32
		{3003F7D0-0F84-42C5-FE8A-2B5943062A66}.Release|Win32.ActiveCfg = Release|Win32
		{3003F7D0-0F84-42C5-FE8A-2B5943062A66}.Release|Win32.Build.0 = Release|Win32
		{6DA7E842-979D-39BD-42F9-3393796D192A}.Debug|Win32.ActiveCfg = Debug|Win32
		{6DA7E842-979D-39BD-42F9-3393796D192A}.Debug|Win32.Build.0 = Debug|Win32
		{6DA7E842-979D-39BD-42F9-3393796D192A}.Release|Win32.ActiveCfg = Release|Win32
		{6DA7E842-979D-39BD-42F9-3393796D192A}.Release|Win32.Build.0 = Release|Win32
		{01585500-2818-9845-E99D-46451C8684B3}.Debug|Win32.ActiveCfg = Debug|Win32
		{01585500-2818-9845-E99D-46451C8684B3}.Debug|Win32.Build.0 = Debug|Win32
		{01585500-2818-9845-E99D-46451C8684B3}.Release|Win32.ActiveCfg = Release|Win32
		{01585500-2818-9845-E99D-46451C8684B3}.Release|Win32.Build.0 = Release|Win32
		{BC064E13-DAD5-1ECB-FDC6-9973C3C7E041}.Debug|Win32.ActiveCfg = Debug|Win32
		{BC064E13-DAD5-1ECB-FDC6-9973C3C7E041}.Debug|Win32.Build.0 = Debug|Win32
		{BC064E13-DAD5-1ECB-FDC6-9973C3C7E041}.Release|Win32.ActiveCfg = Release|Win32
		{BC064E13-DAD5-1ECB-FDC6-9973C3C7E041}.Release|Win32.Build.0 = Release|Win32
		{E221859C-9445-1AA6-3E95-E33E77A8B396}.Debug|Win32.ActiveCfg = Debug|Win32
		{E221859C-9445-1AA6-3E95-E33E77A8B396}.Debug|Win32.Build.0 = Debug|Win32
		{E221859C-9445-1AA6-3E95-E33E77A8B396}.Release|Win32.ActiveCfg = Release|Win32
		{E221859C-9445-1AA6-3E95-E33E77A8B396}.Release|Win32.Build.0 = Release|Win32
		{F5342C71-4E6F-72A9-E16A-9669A5A62054}.Debug|Win32.ActiveCfg = Debug|Win32
		{F5342C71-4E6F-72A9-E16A-9669A5A62054}.Debug|Win32.Build.0 = Debug|Win32
		{F5342C71-4E6F-72A9-E16A-9669A5A62054}.Release|Win32.ActiveCfg = Release|Win32
		{F5342C71-4E6F-72A9-E16A-9669A5A62054}.Release|Win32.Build.0 = Release|Win32
		{A41DE1FF-BA11-703D-D9E2-B06FF60813B1}.Debug|Win32.ActiveCfg = Debug|Win32
		{A41DE1FF-BA11-703D-D9E2-B06FF60813B1}.Debug|Win32.Build.0 = Debug|Win32
		{A41DE1FF-BA11-703D-D9E2-B06FF60813B1}.Release|Win32.ActiveCfg = Release|Win32
		{A41DE1FF-BA11-703D-D9E2-B06FF60813B1}.Release|Win32.Build.0 = Release|Win32
		{A9CB02EA-EB26-F4CC-C9D2-C0A729B49A93}.Debug|Win32.ActiveCfg = Debug|Win32
		{A9CB02EA-EB26-F4CC-C9D2-C0A729B49A93}.Debug|Win32.Build.0 = Debug|Win32
		{A9CB02EA-EB26-F4CC-C9D2-C0A729B49A93}.Release|Win32.ActiveCfg = Release|Win32
		{A9CB02EA-EB26-F4CC-C9D2-C0A729B49A93}.Release|Win32.Build.0 = Release|Win32
		{5EF78382-21B8-FD27-6937-84B16B0544B7}.Debug|Win32.ActiveCfg = Debug|Win32
		{5EF78382-21B8-FD27-6937-84B16B0544B7}.Debug|Win32.Build.0 = Debug|Win32
		{5EF78382-21B8-FD27-6937-84B16B0544B7}.Release|Win32.ActiveCfg = Release|Win32
		{5EF78382-21B8-FD27-6937-84B16B0544B7}.Release|Win32.Build.0 = Release|Win32
		{E7A688D1-8A42-4B49-96D4-997AEB366526}.Debug|Win32.ActiveCfg = Debug|Win32
		{E7A688D1-8A42-4B49-96D4-997AEB366526}.Debug|Win32.Build.0 = Debug|Win32
		{E7A688D1-8A42-4B49-96D4-997AEB366526}.Release|Win32.ActiveCfg = Release|Win32
		{E7A688D1-8A42-4B49-96D4-997AEB366526}.Release|Win32.Build.0 = Release|Win32
		{DF7FFAEE-0932-F5F0-2AA4-912F1A290E1B}.Debug|Win32.ActiveCfg = Debug|Win32
		{DF7FFAEE-0932-F5F0-2AA4-912F1A290E1B}.Debug|Win32.Build.0 = Debug|Win32
		{DF7FFAEE-0932-F5F0-2AA4-912F1A290E1B}.Release|Win32.ActiveCfg = Release|Win32
		{DF7FFAEE-0932-F5F0-2AA4-912F1A290E1B}.Release|Win32.Build.0 = Release|Win32
		{2C7D703A-96CF-7586-13F6-4E082DA679DC}.Debug|Win32.ActiveCfg = Debug|Win32
		{2C7D703A-96CF-7586-13F6-4E082DA679DC}.Debug|Win32.Build.0 = Debug|Win32
		{2C7D703A-96CF-7586-13F6-4E082DA679DC}.Release|Win32.ActiveCfg = Release|Win32
		{2C7D703A-96CF-7586-13F6-4E082DA679DC}.Release|Win32.Build.0 = Release|Win32
		{7A6598FD-8A88-8FD6-CBEA-3E31FFF93E13}.Debug|Win32.ActiveCfg = Debug|Win32
		{7A6598FD-8A88-8FD6-CBEA-3E31FFF93E13}.Debug|Win32.Build.0 = Debug|Win32
		{7A6598FD-8A88-8FD6-CBEA-3E31FFF93E13}.Release|Win32.ActiveCfg = Release|Win32
		{7A6598FD-8A88-8FD6-CBEA-3E31FFF93E13}.Release|Win32.Build.0 = Release|Win32
		{CB1805CB-8E89-B83B-0F29-D8569E098351}.Debug|Win32.ActiveCfg = Debug|Win32
		{CB1805CB-8E89-B83B-0F29-D8569E098351}.Debug|Win32.Build.0 = Debug|Win32
		{CB1805CB-8E89-B83B-0F29-D8569E098351}.Release|Win32.ActiveCfg = Release|Win32
		{CB1805CB-8E89-B83B-0F29-D8569E098351}.Release|Win32.Build.0 = Release|Win32
		{7678893D-AC1B-3E14-6B8B-3C45D5FD4FFA}.Debug|Win32.ActiveCfg = Debug|Win32
		{7678893D-AC1B-3E14-6B8B-3C45D5FD4FFA}.Debug|Win32.Build.0 = Debug|Win32
		{7678893D-AC1B-3E14-6B8B-3C45D5FD4FFA}.Release|Win32.ActiveCfg = Release|Win32
		{7678893D-AC1B-3E14-6B8B-3C45D5FD4FFA}.Release|Win32.Build.0 = Release|Win32
		{01373DD0-AA91-AD26-E258-03C3692713F9}.Debug|Win32.ActiveCfg = Debug|Win32
		{01373DD0-AA91-AD26-E258-03C3692713F9}.Debug|Win32.Build.0 = Debug|Win32
		{01373DD0-AA91-AD26-E258-03C3692713F9}.Release|Win32.ActiveCfg = Release|Win32
		{01373DD0-AA91-AD26-E258-03C3692713F9}.Release|Win32.Build.0 = Release|Win32
		{1020E648-2350-8556-4CD6-29FFD41D5DD6}.Debug|Win32.ActiveCfg = Debug|Win32
		{1020E648-2350-8556-4CD6-29FFD41D5DD6}.Debug|Win32.Build.0 = Debug|Win32
		{1020E648-2350-8556-4CD6-29FFD41D5DD6}.Release|Win32.ActiveCfg = Release|Win32
		{1020E648-2350-8556-4CD6-29FFD41D5DD6}.Release|Win32.Build.0 = Release|Win32
	EndGlobalSection
	GlobalSection(SolutionProperties) = preSolution
		HideSolutionNode = FALSE
	EndGlobalSection
EndGlobal
