Microsoft Visual Studio Solution File, Format Version 9.00
# Visual C++ Express 2005
Project("{8BC9CEB8-8B4A-11D0-8D11-00A0C91BC942}") = "appanvil", "appanvil.vcproj", "{EF63703C-8B3F-86AC-0777-0A24F83AB0E5}"
EndProject
Project("{8BC9CEB8-8B4A-11D0-8D11-00A0C91BC942}") = "appclient", "appclient.vcproj", "{6F4FA155-A555-1DCF-A1EF-136EC2D1F54C}"
EndProject
Project("{8BC9CEB8-8B4A-11D0-8D11-00A0C91BC942}") = "appeffectstest", "appeffectstest.vcproj", "{F66FFC3F-1DDB-7DF7-6725-D1D2A0B86E8B}"
EndProject
Project("{8BC9CEB8-8B4A-11D0-8D11-00A0C91BC942}") = "appeventstest", "appeventstest.vcproj", "{F3623D1D-468A-EED0-7396-EA1496E16408}"
EndProject
Project("{8BC9CEB8-8B4A-11D0-8D11-00A0C91BC942}") = "appserver", "appserver.vcproj", "{DCBD438A-BD93-EF7B-82CC-F4E563DB3F03}"
EndProject
Project("{8BC9CEB8-8B4A-11D0-8D11-00A0C91BC942}") = "libclient-combatmanager", "libclient-combatmanager.vcproj", "{A083C033-9407-7708-ADAE-B98A9FF52564}"
EndProject
Project("{8BC9CEB8-8B4A-11D0-8D11-00A0C91BC942}") = "libclient-effects", "libclient-effects.vcproj", "{2EE13A6A-DC6B-891B-31FF-B46C22425096}"
EndProject
Project("{8BC9CEB8-8B4A-11D0-8D11-00A0C91BC942}") = "libclient-entitymanager", "libclient-entitymanager.vcproj", "{BF4129D2-DB7C-DED2-8AC2-D31815CC0CA7}"
EndProject
Project("{8BC9CEB8-8B4A-11D0-8D11-00A0C91BC942}") = "libclient-gui", "libclient-gui.vcproj", "{3003F7D0-0F84-42C5-FE8A-2B5943062A66}"
EndProject
Project("{8BC9CEB8-8B4A-11D0-8D11-00A0C91BC942}") = "libclient-itemmanager", "libclient-itemmanager.vcproj", "{6DA7E842-979D-39BD-42F9-3393796D192A}"
EndProject
Project("{8BC9CEB8-8B4A-11D0-8D11-00A0C91BC942}") = "libclient-network", "libclient-network.vcproj", "{01585500-2818-9845-E99D-46451C8684B3}"
EndProject
Project("{8BC9CEB8-8B4A-11D0-8D11-00A0C91BC942}") = "libdatabase", "libdatabase.vcproj", "{BC064E13-DAD5-1ECB-FDC6-9973C3C7E041}"
EndProject
Project("{8BC9CEB8-8B4A-11D0-8D11-00A0C91BC942}") = "libentity", "libentity.vcproj", "{9410B0F7-D07B-3D4A-1A73-F20755801F65}"
EndProject
Project("{8BC9CEB8-8B4A-11D0-8D11-00A0C91BC942}") = "libevents", "libevents.vcproj", "{E221859C-9445-1AA6-3E95-E33E77A8B396}"
EndProject
Project("{8BC9CEB8-8B4A-11D0-8D11-00A0C91BC942}") = "libnetwork", "libnetwork.vcproj", "{F5342C71-4E6F-72A9-E16A-9669A5A62054}"
EndProject
Project("{8BC9CEB8-8B4A-11D0-8D11-00A0C91BC942}") = "libquest", "libquest.vcproj", "{A41DE1FF-BA11-703D-D9E2-B06FF60813B1}"
EndProject
Project("{8BC9CEB8-8B4A-11D0-8D11-00A0C91BC942}") = "libserver-network", "libserver-network.vcproj", "{DF7FFAEE-0932-F5F0-2AA4-912F1A290E1B}"
EndProject
Project("{8BC9CEB8-8B4A-11D0-8D11-00A0C91BC942}") = "libserver-udp-network", "libserver-udp-network.vcproj", "{2C7D703A-96CF-7586-13F6-4E082DA679DC}"
EndProject
Project("{8BC9CEB8-8B4A-11D0-8D11-00A0C91BC942}") = "libsqlite_adp", "libsqlite_adp.vcproj", "{7A6598FD-8A88-8FD6-CBEA-3E31FFF93E13}"
EndProject
Project("{8BC9CEB8-8B4A-11D0-8D11-00A0C91BC942}") = "libsqlite_lib", "libsqlite_lib.vcproj", "{CB1805CB-8E89-B83B-0F29-D8569E098351}"
EndProject
Project("{8BC9CEB8-8B4A-11D0-8D11-00A0C91BC942}") = "libudp-network", "libudp-network.vcproj", "{01373DD0-AA91-AD26-E258-03C3692713F9}"
EndProject
Project("{8BC9CEB8-8B4A-11D0-8D11-00A0C91BC942}") = "libutil", "libutil.vcproj", "{1020E648-2350-8556-4CD6-29FFD41D5DD6}"
EndProject
Global
	GlobalSection(SolutionConfiguration) = preSolution
		ConfigName.0 = Release
		ConfigName.1 = Debug
	EndGlobalSection
	GlobalSection(ProjectDependencies) = postSolution
		{6F4FA155-A555-1DCF-A1EF-136EC2D1F54C}.0 = {A083C033-9407-7708-ADAE-B98A9FF52564}
		{6F4FA155-A555-1DCF-A1EF-136EC2D1F54C}.1 = {2EE13A6A-DC6B-891B-31FF-B46C22425096}
		{6F4FA155-A555-1DCF-A1EF-136EC2D1F54C}.2 = {BF4129D2-DB7C-DED2-8AC2-D31815CC0CA7}
		{6F4FA155-A555-1DCF-A1EF-136EC2D1F54C}.3 = {3003F7D0-0F84-42C5-FE8A-2B5943062A66}
		{6F4FA155-A555-1DCF-A1EF-136EC2D1F54C}.4 = {6DA7E842-979D-39BD-42F9-3393796D192A}
		{6F4FA155-A555-1DCF-A1EF-136EC2D1F54C}.5 = {01585500-2818-9845-E99D-46451C8684B3}
		{6F4FA155-A555-1DCF-A1EF-136EC2D1F54C}.6 = {9410B0F7-D07B-3D4A-1A73-F20755801F65}
		{6F4FA155-A555-1DCF-A1EF-136EC2D1F54C}.7 = {1020E648-2350-8556-4CD6-29FFD41D5DD6}
		{F66FFC3F-1DDB-7DF7-6725-D1D2A0B86E8B}.0 = {2EE13A6A-DC6B-891B-31FF-B46C22425096}
		{F3623D1D-468A-EED0-7396-EA1496E16408}.0 = {E221859C-9445-1AA6-3E95-E33E77A8B396}
		{F3623D1D-468A-EED0-7396-EA1496E16408}.1 = {1020E648-2350-8556-4CD6-29FFD41D5DD6}
		{DCBD438A-BD93-EF7B-82CC-F4E563DB3F03}.0 = {BC064E13-DAD5-1ECB-FDC6-9973C3C7E041}
		{DCBD438A-BD93-EF7B-82CC-F4E563DB3F03}.1 = {9410B0F7-D07B-3D4A-1A73-F20755801F65}
		{DCBD438A-BD93-EF7B-82CC-F4E563DB3F03}.2 = {A41DE1FF-BA11-703D-D9E2-B06FF60813B1}
		{DCBD438A-BD93-EF7B-82CC-F4E563DB3F03}.3 = {DF7FFAEE-0932-F5F0-2AA4-912F1A290E1B}
		{DCBD438A-BD93-EF7B-82CC-F4E563DB3F03}.4 = {7A6598FD-8A88-8FD6-CBEA-3E31FFF93E13}
		{DCBD438A-BD93-EF7B-82CC-F4E563DB3F03}.5 = {1020E648-2350-8556-4CD6-29FFD41D5DD6}
		{01585500-2818-9845-E99D-46451C8684B3}.0 = {F5342C71-4E6F-72A9-E16A-9669A5A62054}
		{F5342C71-4E6F-72A9-E16A-9669A5A62054}.0 = {01373DD0-AA91-AD26-E258-03C3692713F9}
		{DF7FFAEE-0932-F5F0-2AA4-912F1A290E1B}.0 = {9410B0F7-D07B-3D4A-1A73-F20755801F65}
		{DF7FFAEE-0932-F5F0-2AA4-912F1A290E1B}.1 = {F5342C71-4E6F-72A9-E16A-9669A5A62054}
		{DF7FFAEE-0932-F5F0-2AA4-912F1A290E1B}.2 = {2C7D703A-96CF-7586-13F6-4E082DA679DC}
		{2C7D703A-96CF-7586-13F6-4E082DA679DC}.0 = {01373DD0-AA91-AD26-E258-03C3692713F9}
		{7A6598FD-8A88-8FD6-CBEA-3E31FFF93E13}.0 = {CB1805CB-8E89-B83B-0F29-D8569E098351}
	EndGlobalSection
	GlobalSection(ProjectConfiguration) = postSolution
		{EF63703C-8B3F-86AC-0777-0A24F83AB0E5}.Release.ActiveCfg = Release|Win32
		{EF63703C-8B3F-86AC-0777-0A24F83AB0E5}.Release.Build.0 = Release|Win32
		{EF63703C-8B3F-86AC-0777-0A24F83AB0E5}.Debug.ActiveCfg = Debug|Win32
		{EF63703C-8B3F-86AC-0777-0A24F83AB0E5}.Debug.Build.0 = Debug|Win32
		{6F4FA155-A555-1DCF-A1EF-136EC2D1F54C}.Release.ActiveCfg = Release|Win32
		{6F4FA155-A555-1DCF-A1EF-136EC2D1F54C}.Release.Build.0 = Release|Win32
		{6F4FA155-A555-1DCF-A1EF-136EC2D1F54C}.Debug.ActiveCfg = Debug|Win32
		{6F4FA155-A555-1DCF-A1EF-136EC2D1F54C}.Debug.Build.0 = Debug|Win32
		{F66FFC3F-1DDB-7DF7-6725-D1D2A0B86E8B}.Release.ActiveCfg = Release|Win32
		{F66FFC3F-1DDB-7DF7-6725-D1D2A0B86E8B}.Release.Build.0 = Release|Win32
		{F66FFC3F-1DDB-7DF7-6725-D1D2A0B86E8B}.Debug.ActiveCfg = Debug|Win32
		{F66FFC3F-1DDB-7DF7-6725-D1D2A0B86E8B}.Debug.Build.0 = Debug|Win32
		{F3623D1D-468A-EED0-7396-EA1496E16408}.Release.ActiveCfg = Release|Win32
		{F3623D1D-468A-EED0-7396-EA1496E16408}.Release.Build.0 = Release|Win32
		{F3623D1D-468A-EED0-7396-EA1496E16408}.Debug.ActiveCfg = Debug|Win32
		{F3623D1D-468A-EED0-7396-EA1496E16408}.Debug.Build.0 = Debug|Win32
		{DCBD438A-BD93-EF7B-82CC-F4E563DB3F03}.Release.ActiveCfg = Release|Win32
		{DCBD438A-BD93-EF7B-82CC-F4E563DB3F03}.Release.Build.0 = Release|Win32
		{DCBD438A-BD93-EF7B-82CC-F4E563DB3F03}.Debug.ActiveCfg = Debug|Win32
		{DCBD438A-BD93-EF7B-82CC-F4E563DB3F03}.Debug.Build.0 = Debug|Win32
		{A083C033-9407-7708-ADAE-B98A9FF52564}.Release.ActiveCfg = Release|Win32
		{A083C033-9407-7708-ADAE-B98A9FF52564}.Release.Build.0 = Release|Win32
		{A083C033-9407-7708-ADAE-B98A9FF52564}.Debug.ActiveCfg = Debug|Win32
		{A083C033-9407-7708-ADAE-B98A9FF52564}.Debug.Build.0 = Debug|Win32
		{2EE13A6A-DC6B-891B-31FF-B46C22425096}.Release.ActiveCfg = Release|Win32
		{2EE13A6A-DC6B-891B-31FF-B46C22425096}.Release.Build.0 = Release|Win32
		{2EE13A6A-DC6B-891B-31FF-B46C22425096}.Debug.ActiveCfg = Debug|Win32
		{2EE13A6A-DC6B-891B-31FF-B46C22425096}.Debug.Build.0 = Debug|Win32
		{BF4129D2-DB7C-DED2-8AC2-D31815CC0CA7}.Release.ActiveCfg = Release|Win32
		{BF4129D2-DB7C-DED2-8AC2-D31815CC0CA7}.Release.Build.0 = Release|Win32
		{BF4129D2-DB7C-DED2-8AC2-D31815CC0CA7}.Debug.ActiveCfg = Debug|Win32
		{BF4129D2-DB7C-DED2-8AC2-D31815CC0CA7}.Debug.Build.0 = Debug|Win32
		{3003F7D0-0F84-42C5-FE8A-2B5943062A66}.Release.ActiveCfg = Release|Win32
		{3003F7D0-0F84-42C5-FE8A-2B5943062A66}.Release.Build.0 = Release|Win32
		{3003F7D0-0F84-42C5-FE8A-2B5943062A66}.Debug.ActiveCfg = Debug|Win32
		{3003F7D0-0F84-42C5-FE8A-2B5943062A66}.Debug.Build.0 = Debug|Win32
		{6DA7E842-979D-39BD-42F9-3393796D192A}.Release.ActiveCfg = Release|Win32
		{6DA7E842-979D-39BD-42F9-3393796D192A}.Release.Build.0 = Release|Win32
		{6DA7E842-979D-39BD-42F9-3393796D192A}.Debug.ActiveCfg = Debug|Win32
		{6DA7E842-979D-39BD-42F9-3393796D192A}.Debug.Build.0 = Debug|Win32
		{01585500-2818-9845-E99D-46451C8684B3}.Release.ActiveCfg = Release|Win32
		{01585500-2818-9845-E99D-46451C8684B3}.Release.Build.0 = Release|Win32
		{01585500-2818-9845-E99D-46451C8684B3}.Debug.ActiveCfg = Debug|Win32
		{01585500-2818-9845-E99D-46451C8684B3}.Debug.Build.0 = Debug|Win32
		{BC064E13-DAD5-1ECB-FDC6-9973C3C7E041}.Release.ActiveCfg = Release|Win32
		{BC064E13-DAD5-1ECB-FDC6-9973C3C7E041}.Release.Build.0 = Release|Win32
		{BC064E13-DAD5-1ECB-FDC6-9973C3C7E041}.Debug.ActiveCfg = Debug|Win32
		{BC064E13-DAD5-1ECB-FDC6-9973C3C7E041}.Debug.Build.0 = Debug|Win32
		{9410B0F7-D07B-3D4A-1A73-F20755801F65}.Release.ActiveCfg = Release|Win32
		{9410B0F7-D07B-3D4A-1A73-F20755801F65}.Release.Build.0 = Release|Win32
		{9410B0F7-D07B-3D4A-1A73-F20755801F65}.Debug.ActiveCfg = Debug|Win32
		{9410B0F7-D07B-3D4A-1A73-F20755801F65}.Debug.Build.0 = Debug|Win32
		{E221859C-9445-1AA6-3E95-E33E77A8B396}.Release.ActiveCfg = Release|Win32
		{E221859C-9445-1AA6-3E95-E33E77A8B396}.Release.Build.0 = Release|Win32
		{E221859C-9445-1AA6-3E95-E33E77A8B396}.Debug.ActiveCfg = Debug|Win32
		{E221859C-9445-1AA6-3E95-E33E77A8B396}.Debug.Build.0 = Debug|Win32
		{F5342C71-4E6F-72A9-E16A-9669A5A62054}.Release.ActiveCfg = Release|Win32
		{F5342C71-4E6F-72A9-E16A-9669A5A62054}.Release.Build.0 = Release|Win32
		{F5342C71-4E6F-72A9-E16A-9669A5A62054}.Debug.ActiveCfg = Debug|Win32
		{F5342C71-4E6F-72A9-E16A-9669A5A62054}.Debug.Build.0 = Debug|Win32
		{A41DE1FF-BA11-703D-D9E2-B06FF60813B1}.Release.ActiveCfg = Release|Win32
		{A41DE1FF-BA11-703D-D9E2-B06FF60813B1}.Release.Build.0 = Release|Win32
		{A41DE1FF-BA11-703D-D9E2-B06FF60813B1}.Debug.ActiveCfg = Debug|Win32
		{A41DE1FF-BA11-703D-D9E2-B06FF60813B1}.Debug.Build.0 = Debug|Win32
		{DF7FFAEE-0932-F5F0-2AA4-912F1A290E1B}.Release.ActiveCfg = Release|Win32
		{DF7FFAEE-0932-F5F0-2AA4-912F1A290E1B}.Release.Build.0 = Release|Win32
		{DF7FFAEE-0932-F5F0-2AA4-912F1A290E1B}.Debug.ActiveCfg = Debug|Win32
		{DF7FFAEE-0932-F5F0-2AA4-912F1A290E1B}.Debug.Build.0 = Debug|Win32
		{2C7D703A-96CF-7586-13F6-4E082DA679DC}.Release.ActiveCfg = Release|Win32
		{2C7D703A-96CF-7586-13F6-4E082DA679DC}.Release.Build.0 = Release|Win32
		{2C7D703A-96CF-7586-13F6-4E082DA679DC}.Debug.ActiveCfg = Debug|Win32
		{2C7D703A-96CF-7586-13F6-4E082DA679DC}.Debug.Build.0 = Debug|Win32
		{7A6598FD-8A88-8FD6-CBEA-3E31FFF93E13}.Release.ActiveCfg = Release|Win32
		{7A6598FD-8A88-8FD6-CBEA-3E31FFF93E13}.Release.Build.0 = Release|Win32
		{7A6598FD-8A88-8FD6-CBEA-3E31FFF93E13}.Debug.ActiveCfg = Debug|Win32
		{7A6598FD-8A88-8FD6-CBEA-3E31FFF93E13}.Debug.Build.0 = Debug|Win32
		{CB1805CB-8E89-B83B-0F29-D8569E098351}.Release.ActiveCfg = Release|Win32
		{CB1805CB-8E89-B83B-0F29-D8569E098351}.Release.Build.0 = Release|Win32
		{CB1805CB-8E89-B83B-0F29-D8569E098351}.Debug.ActiveCfg = Debug|Win32
		{CB1805CB-8E89-B83B-0F29-D8569E098351}.Debug.Build.0 = Debug|Win32
		{01373DD0-AA91-AD26-E258-03C3692713F9}.Release.ActiveCfg = Release|Win32
		{01373DD0-AA91-AD26-E258-03C3692713F9}.Release.Build.0 = Release|Win32
		{01373DD0-AA91-AD26-E258-03C3692713F9}.Debug.ActiveCfg = Debug|Win32
		{01373DD0-AA91-AD26-E258-03C3692713F9}.Debug.Build.0 = Debug|Win32
		{1020E648-2350-8556-4CD6-29FFD41D5DD6}.Release.ActiveCfg = Release|Win32
		{1020E648-2350-8556-4CD6-29FFD41D5DD6}.Release.Build.0 = Release|Win32
		{1020E648-2350-8556-4CD6-29FFD41D5DD6}.Debug.ActiveCfg = Debug|Win32
		{1020E648-2350-8556-4CD6-29FFD41D5DD6}.Debug.Build.0 = Debug|Win32
	EndGlobalSection
	GlobalSection(ExtensibilityGlobals) = postSolution
	EndGlobalSection
	GlobalSection(ExtensibilityAddIns) = postSolution
	EndGlobalSection
EndGlobal
