Microsoft Visual Studio Solution File, Format Version 9.00
# Visual C++ Express 2005
Project("{8BC9CEB8-8B4A-11D0-8D11-00A0C91BC942}") = "appeventstest_static", "appeventstest_static.vcproj", "{3BFBF276-FB16-40C5-3A0B-5D689497BB74}"
EndProject
Project("{8BC9CEB8-8B4A-11D0-8D11-00A0C91BC942}") = "appperagro-server_static", "appperagro-server_static.vcproj", "{0067E987-1E32-EE37-9E71-82B4108B20E3}"
EndProject
Project("{8BC9CEB8-8B4A-11D0-8D11-00A0C91BC942}") = "appperagro_static", "appperagro_static.vcproj", "{6657A542-8575-FB84-2B64-C14AEAB55F59}"
EndProject
Project("{8BC9CEB8-8B4A-11D0-8D11-00A0C91BC942}") = "libauth-dbtables", "libauth-dbtables.vcproj", "{BD683199-8620-3A82-33BB-F4CACD48FF37}"
EndProject
Project("{8BC9CEB8-8B4A-11D0-8D11-00A0C91BC942}") = "libauth-network", "libauth-network.vcproj", "{ABA7F684-5B9E-B83A-8662-7C2B18E2D61C}"
EndProject
Project("{8BC9CEB8-8B4A-11D0-8D11-00A0C91BC942}") = "libauth-tcp-network", "libauth-tcp-network.vcproj", "{98F814EC-CCF7-3461-8E89-1A9A93FCAAD5}"
EndProject
Project("{8BC9CEB8-8B4A-11D0-8D11-00A0C91BC942}") = "libbulletcollision", "libbulletcollision.vcproj", "{6ADA430D-009C-2ED4-A787-2AC2D6FEB8CE}"
EndProject
Project("{8BC9CEB8-8B4A-11D0-8D11-00A0C91BC942}") = "libbulletdynamics", "libbulletdynamics.vcproj", "{61BD1097-CF2E-B296-DAA9-73A6FE135319}"
EndProject
Project("{8BC9CEB8-8B4A-11D0-8D11-00A0C91BC942}") = "libbulletmath", "libbulletmath.vcproj", "{7D6E339F-9C2C-31DA-FDB0-5EE50973CF2A}"
EndProject
Project("{8BC9CEB8-8B4A-11D0-8D11-00A0C91BC942}") = "libclient-chatmanager", "libclient-chatmanager.vcproj", "{C007A05D-5A86-5DDF-1151-4D6C236BBF8F}"
EndProject
Project("{8BC9CEB8-8B4A-11D0-8D11-00A0C91BC942}") = "libclient-combatmanager", "libclient-combatmanager.vcproj", "{A083C033-9407-7708-ADAE-B98A9FF52564}"
EndProject
Project("{8BC9CEB8-8B4A-11D0-8D11-00A0C91BC942}") = "libclient-component", "libclient-component.vcproj", "{B993A6F5-E010-8165-6D43-292D91AE7634}"
EndProject
Project("{8BC9CEB8-8B4A-11D0-8D11-00A0C91BC942}") = "libclient-cursor", "libclient-cursor.vcproj", "{C55114B0-7DC2-1B0C-3F7D-16B25F0EDC00}"
EndProject
Project("{8BC9CEB8-8B4A-11D0-8D11-00A0C91BC942}") = "libclient-data", "libclient-data.vcproj", "{5E112DF4-61D2-AA58-33BB-E2792810B156}"
EndProject
Project("{8BC9CEB8-8B4A-11D0-8D11-00A0C91BC942}") = "libclient-entitymanager", "libclient-entitymanager.vcproj", "{BF4129D2-DB7C-DED2-8AC2-D31815CC0CA7}"
EndProject
Project("{8BC9CEB8-8B4A-11D0-8D11-00A0C91BC942}") = "libclient-environmentmanager", "libclient-environmentmanager.vcproj", "{589EADEF-AC27-72E3-0138-C9012FCA9F0B}"
EndProject
Project("{8BC9CEB8-8B4A-11D0-8D11-00A0C91BC942}") = "libclient-gui", "libclient-gui.vcproj", "{3003F7D0-0F84-42C5-FE8A-2B5943062A66}"
EndProject
Project("{8BC9CEB8-8B4A-11D0-8D11-00A0C91BC942}") = "libclient-inputmanager", "libclient-inputmanager.vcproj", "{80D23D44-557C-C763-AC7A-6984F6D91243}"
EndProject
Project("{8BC9CEB8-8B4A-11D0-8D11-00A0C91BC942}") = "libclient-network", "libclient-network.vcproj", "{01585500-2818-9845-E99D-46451C8684B3}"
EndProject
Project("{8BC9CEB8-8B4A-11D0-8D11-00A0C91BC942}") = "libclient-questmanager", "libclient-questmanager.vcproj", "{FE525EB7-7407-BD8B-3AB2-DD0FAB629705}"
EndProject
Project("{8BC9CEB8-8B4A-11D0-8D11-00A0C91BC942}") = "libclient-serversetup", "libclient-serversetup.vcproj", "{201A43AC-5DD4-7943-5969-7379D030EA98}"
EndProject
Project("{8BC9CEB8-8B4A-11D0-8D11-00A0C91BC942}") = "libclient-statemanager", "libclient-statemanager.vcproj", "{461015F5-EAE8-E6F0-C08F-6A74BA95F6C6}"
EndProject
Project("{8BC9CEB8-8B4A-11D0-8D11-00A0C91BC942}") = "libclient-tcp-network", "libclient-tcp-network.vcproj", "{3E5FACE3-1C88-7313-562B-59D6DCCC5E71}"
EndProject
Project("{8BC9CEB8-8B4A-11D0-8D11-00A0C91BC942}") = "libclient-trademanager", "libclient-trademanager.vcproj", "{E46CB2FE-C7FC-8900-683B-79547F8D5A46}"
EndProject
Project("{8BC9CEB8-8B4A-11D0-8D11-00A0C91BC942}") = "libclient-usermanager", "libclient-usermanager.vcproj", "{DC101AB3-1CE0-CF53-FFDD-D5E79FC25006}"
EndProject
Project("{8BC9CEB8-8B4A-11D0-8D11-00A0C91BC942}") = "libdatabase", "libdatabase.vcproj", "{BC064E13-DAD5-1ECB-FDC6-9973C3C7E041}"
EndProject
Project("{8BC9CEB8-8B4A-11D0-8D11-00A0C91BC942}") = "libentity", "libentity.vcproj", "{9410B0F7-D07B-3D4A-1A73-F20755801F65}"
EndProject
Project("{8BC9CEB8-8B4A-11D0-8D11-00A0C91BC942}") = "libeventmanager-cs", "libeventmanager-cs.vcproj", "{CF3AAB33-A89F-E6BC-395D-5AC5C6396E12}"
EndProject
Project("{8BC9CEB8-8B4A-11D0-8D11-00A0C91BC942}") = "libevents", "libevents.vcproj", "{E221859C-9445-1AA6-3E95-E33E77A8B396}"
EndProject
Project("{8BC9CEB8-8B4A-11D0-8D11-00A0C91BC942}") = "libgeom", "libgeom.vcproj", "{F1D39BCA-2873-BC83-03BC-8FF941ED7121}"
EndProject
Project("{8BC9CEB8-8B4A-11D0-8D11-00A0C91BC942}") = "libinventory", "libinventory.vcproj", "{C13F53C2-12AC-50C0-BC42-8BEAAF8DA7F7}"
EndProject
Project("{8BC9CEB8-8B4A-11D0-8D11-00A0C91BC942}") = "libnetwork", "libnetwork.vcproj", "{F5342C71-4E6F-72A9-E16A-9669A5A62054}"
EndProject
Project("{8BC9CEB8-8B4A-11D0-8D11-00A0C91BC942}") = "libperagro_static_plugins", "libperagro_static_plugins.vcproj", "{64316035-1673-9B7E-8232-0FA26CCE3917}"
EndProject
Project("{8BC9CEB8-8B4A-11D0-8D11-00A0C91BC942}") = "libperagro_static_plugins_CEL", "libperagro_static_plugins_CEL.vcproj", "{16968A5B-5DE2-5247-BEB6-65FE88EC5D40}"
EndProject
Project("{8BC9CEB8-8B4A-11D0-8D11-00A0C91BC942}") = "libperagro_static_plugins_CRYSTAL", "libperagro_static_plugins_CRYSTAL.vcproj", "{E4EC9593-EF5E-D2DD-627F-2ABDFCB7C9D5}"
EndProject
Project("{8BC9CEB8-8B4A-11D0-8D11-00A0C91BC942}") = "libpt_staticplugins", "libpt_staticplugins.vcproj", "{1984AF92-88D0-AD1F-342A-B0AD79931D0B}"
EndProject
Project("{8BC9CEB8-8B4A-11D0-8D11-00A0C91BC942}") = "libquest", "libquest.vcproj", "{A41DE1FF-BA11-703D-D9E2-B06FF60813B1}"
EndProject
Project("{8BC9CEB8-8B4A-11D0-8D11-00A0C91BC942}") = "libreporter", "libreporter.vcproj", "{F429C19B-AFAC-44A0-D816-C8BB6DCE1BA6}"
EndProject
Project("{8BC9CEB8-8B4A-11D0-8D11-00A0C91BC942}") = "libserver-ai", "libserver-ai.vcproj", "{A9CB02EA-EB26-F4CC-C9D2-C0A729B49A93}"
EndProject
Project("{8BC9CEB8-8B4A-11D0-8D11-00A0C91BC942}") = "libserver-colldet", "libserver-colldet.vcproj", "{3F6DC71E-36C0-2635-F617-1461C3BE70BB}"
EndProject
Project("{8BC9CEB8-8B4A-11D0-8D11-00A0C91BC942}") = "libserver-combat", "libserver-combat.vcproj", "{44A00952-D3B8-FC27-D991-E0FC769A952D}"
EndProject
Project("{8BC9CEB8-8B4A-11D0-8D11-00A0C91BC942}") = "libserver-dbtables", "libserver-dbtables.vcproj", "{1F7CABF7-9375-8F92-7B42-144DBC405743}"
EndProject
Project("{8BC9CEB8-8B4A-11D0-8D11-00A0C91BC942}") = "libserver-entity", "libserver-entity.vcproj", "{5EF78382-21B8-FD27-6937-84B16B0544B7}"
EndProject
Project("{8BC9CEB8-8B4A-11D0-8D11-00A0C91BC942}") = "libserver-environment", "libserver-environment.vcproj", "{927E45C5-0798-777C-6F11-2955C283F16E}"
EndProject
Project("{8BC9CEB8-8B4A-11D0-8D11-00A0C91BC942}") = "libserver-group", "libserver-group.vcproj", "{AEDAD5C0-7C09-0F6E-14C6-1BBFE409B40C}"
EndProject
Project("{8BC9CEB8-8B4A-11D0-8D11-00A0C91BC942}") = "libserver-network", "libserver-network.vcproj", "{DF7FFAEE-0932-F5F0-2AA4-912F1A290E1B}"
EndProject
Project("{8BC9CEB8-8B4A-11D0-8D11-00A0C91BC942}") = "libserver-reputationmanager", "libserver-reputationmanager.vcproj", "{B93558AE-23EB-F5B3-63DC-8928E685DA33}"
EndProject
Project("{8BC9CEB8-8B4A-11D0-8D11-00A0C91BC942}") = "libserver-tcp-network", "libserver-tcp-network.vcproj", "{46CC2367-8F8A-A82E-4B3A-99D5824D3CC5}"
EndProject
Project("{8BC9CEB8-8B4A-11D0-8D11-00A0C91BC942}") = "libserver-udp-network", "libserver-udp-network.vcproj", "{2C7D703A-96CF-7586-13F6-4E082DA679DC}"
EndProject
Project("{8BC9CEB8-8B4A-11D0-8D11-00A0C91BC942}") = "libserver-zonemanager", "libserver-zonemanager.vcproj", "{C4C34842-F7D7-F14F-130D-27865148B777}"
EndProject
Project("{8BC9CEB8-8B4A-11D0-8D11-00A0C91BC942}") = "libsqlite_adp", "libsqlite_adp.vcproj", "{7A6598FD-8A88-8FD6-CBEA-3E31FFF93E13}"
EndProject
Project("{8BC9CEB8-8B4A-11D0-8D11-00A0C91BC942}") = "libsqlite_lib", "libsqlite_lib.vcproj", "{CB1805CB-8E89-B83B-0F29-D8569E098351}"
EndProject
Project("{8BC9CEB8-8B4A-11D0-8D11-00A0C91BC942}") = "libtcp-network", "libtcp-network.vcproj", "{5D81170B-D994-4363-9EE9-459ABA845686}"
EndProject
Project("{8BC9CEB8-8B4A-11D0-8D11-00A0C91BC942}") = "libthreadedfactoryloader", "libthreadedfactoryloader.vcproj", "{AC9316D6-5785-368F-3337-B6031603A76E}"
EndProject
Project("{8BC9CEB8-8B4A-11D0-8D11-00A0C91BC942}") = "libthreadedlevelloader", "libthreadedlevelloader.vcproj", "{0F74695C-6C54-5C9B-EEA9-D592215FA071}"
EndProject
Project("{8BC9CEB8-8B4A-11D0-8D11-00A0C91BC942}") = "libtinyxml", "libtinyxml.vcproj", "{7678893D-AC1B-3E14-6B8B-3C45D5FD4FFA}"
EndProject
Project("{8BC9CEB8-8B4A-11D0-8D11-00A0C91BC942}") = "libudp-network", "libudp-network.vcproj", "{01373DD0-AA91-AD26-E258-03C3692713F9}"
EndProject
Project("{8BC9CEB8-8B4A-11D0-8D11-00A0C91BC942}") = "libutil", "libutil.vcproj", "{1020E648-2350-8556-4CD6-29FFD41D5DD6}"
EndProject
Project("{8BC9CEB8-8B4A-11D0-8D11-00A0C91BC942}") = "libwfmath", "libwfmath.vcproj", "{3EF9A570-0820-D1BC-F902-95454796C6F6}"
EndProject
Project("{8BC9CEB8-8B4A-11D0-8D11-00A0C91BC942}") = "libworld", "libworld.vcproj", "{F3CBFCDD-C03F-CEB1-3F11-28DD6D8A3F70}"
EndProject
Global
	GlobalSection(SolutionConfiguration) = preSolution
  		ConfigName.0 = Release (with static libs)
  		ConfigName.1 = Release (with DLLs)
    		ConfigName.2 = Debug (with static libs)
  		ConfigName.3 = Debug (with DLLs)
  	EndGlobalSection
	GlobalSection(ProjectDependencies) = postSolution
		{3BFBF276-FB16-40C5-3A0B-5D689497BB74}.0 = {E221859C-9445-1AA6-3E95-E33E77A8B396}
		{0067E987-1E32-EE37-9E71-82B4108B20E3}.0 = {F1D39BCA-2873-BC83-03BC-8FF941ED7121}
		{0067E987-1E32-EE37-9E71-82B4108B20E3}.1 = {A41DE1FF-BA11-703D-D9E2-B06FF60813B1}
		{0067E987-1E32-EE37-9E71-82B4108B20E3}.2 = {A9CB02EA-EB26-F4CC-C9D2-C0A729B49A93}
		{0067E987-1E32-EE37-9E71-82B4108B20E3}.3 = {3F6DC71E-36C0-2635-F617-1461C3BE70BB}
		{0067E987-1E32-EE37-9E71-82B4108B20E3}.4 = {44A00952-D3B8-FC27-D991-E0FC769A952D}
		{0067E987-1E32-EE37-9E71-82B4108B20E3}.5 = {1F7CABF7-9375-8F92-7B42-144DBC405743}
		{0067E987-1E32-EE37-9E71-82B4108B20E3}.6 = {5EF78382-21B8-FD27-6937-84B16B0544B7}
		{0067E987-1E32-EE37-9E71-82B4108B20E3}.7 = {927E45C5-0798-777C-6F11-2955C283F16E}
		{0067E987-1E32-EE37-9E71-82B4108B20E3}.8 = {AEDAD5C0-7C09-0F6E-14C6-1BBFE409B40C}
		{0067E987-1E32-EE37-9E71-82B4108B20E3}.9 = {DF7FFAEE-0932-F5F0-2AA4-912F1A290E1B}
		{0067E987-1E32-EE37-9E71-82B4108B20E3}.10 = {B93558AE-23EB-F5B3-63DC-8928E685DA33}
		{0067E987-1E32-EE37-9E71-82B4108B20E3}.11 = {C4C34842-F7D7-F14F-130D-27865148B777}
		{0067E987-1E32-EE37-9E71-82B4108B20E3}.12 = {7A6598FD-8A88-8FD6-CBEA-3E31FFF93E13}
		{0067E987-1E32-EE37-9E71-82B4108B20E3}.13 = {7678893D-AC1B-3E14-6B8B-3C45D5FD4FFA}
		{0067E987-1E32-EE37-9E71-82B4108B20E3}.14 = {1020E648-2350-8556-4CD6-29FFD41D5DD6}
		{6657A542-8575-FB84-2B64-C14AEAB55F59}.0 = {C007A05D-5A86-5DDF-1151-4D6C236BBF8F}
		{6657A542-8575-FB84-2B64-C14AEAB55F59}.1 = {A083C033-9407-7708-ADAE-B98A9FF52564}
		{6657A542-8575-FB84-2B64-C14AEAB55F59}.2 = {B993A6F5-E010-8165-6D43-292D91AE7634}
		{6657A542-8575-FB84-2B64-C14AEAB55F59}.3 = {C55114B0-7DC2-1B0C-3F7D-16B25F0EDC00}
		{6657A542-8575-FB84-2B64-C14AEAB55F59}.4 = {5E112DF4-61D2-AA58-33BB-E2792810B156}
		{6657A542-8575-FB84-2B64-C14AEAB55F59}.5 = {BF4129D2-DB7C-DED2-8AC2-D31815CC0CA7}
		{6657A542-8575-FB84-2B64-C14AEAB55F59}.6 = {589EADEF-AC27-72E3-0138-C9012FCA9F0B}
		{6657A542-8575-FB84-2B64-C14AEAB55F59}.7 = {3003F7D0-0F84-42C5-FE8A-2B5943062A66}
		{6657A542-8575-FB84-2B64-C14AEAB55F59}.8 = {80D23D44-557C-C763-AC7A-6984F6D91243}
		{6657A542-8575-FB84-2B64-C14AEAB55F59}.9 = {01585500-2818-9845-E99D-46451C8684B3}
		{6657A542-8575-FB84-2B64-C14AEAB55F59}.10 = {FE525EB7-7407-BD8B-3AB2-DD0FAB629705}
		{6657A542-8575-FB84-2B64-C14AEAB55F59}.11 = {201A43AC-5DD4-7943-5969-7379D030EA98}
		{6657A542-8575-FB84-2B64-C14AEAB55F59}.12 = {461015F5-EAE8-E6F0-C08F-6A74BA95F6C6}
		{6657A542-8575-FB84-2B64-C14AEAB55F59}.13 = {E46CB2FE-C7FC-8900-683B-79547F8D5A46}
		{6657A542-8575-FB84-2B64-C14AEAB55F59}.14 = {DC101AB3-1CE0-CF53-FFDD-D5E79FC25006}
		{6657A542-8575-FB84-2B64-C14AEAB55F59}.15 = {BC064E13-DAD5-1ECB-FDC6-9973C3C7E041}
		{6657A542-8575-FB84-2B64-C14AEAB55F59}.16 = {CF3AAB33-A89F-E6BC-395D-5AC5C6396E12}
		{6657A542-8575-FB84-2B64-C14AEAB55F59}.17 = {F1D39BCA-2873-BC83-03BC-8FF941ED7121}
		{6657A542-8575-FB84-2B64-C14AEAB55F59}.18 = {F5342C71-4E6F-72A9-E16A-9669A5A62054}
		{6657A542-8575-FB84-2B64-C14AEAB55F59}.19 = {64316035-1673-9B7E-8232-0FA26CCE3917}
		{6657A542-8575-FB84-2B64-C14AEAB55F59}.20 = {16968A5B-5DE2-5247-BEB6-65FE88EC5D40}
		{6657A542-8575-FB84-2B64-C14AEAB55F59}.21 = {E4EC9593-EF5E-D2DD-627F-2ABDFCB7C9D5}
		{6657A542-8575-FB84-2B64-C14AEAB55F59}.22 = {1984AF92-88D0-AD1F-342A-B0AD79931D0B}
		{6657A542-8575-FB84-2B64-C14AEAB55F59}.23 = {F429C19B-AFAC-44A0-D816-C8BB6DCE1BA6}
		{6657A542-8575-FB84-2B64-C14AEAB55F59}.24 = {7A6598FD-8A88-8FD6-CBEA-3E31FFF93E13}
		{6657A542-8575-FB84-2B64-C14AEAB55F59}.25 = {CB1805CB-8E89-B83B-0F29-D8569E098351}
		{6657A542-8575-FB84-2B64-C14AEAB55F59}.26 = {5D81170B-D994-4363-9EE9-459ABA845686}
		{6657A542-8575-FB84-2B64-C14AEAB55F59}.27 = {1020E648-2350-8556-4CD6-29FFD41D5DD6}
		{6657A542-8575-FB84-2B64-C14AEAB55F59}.28 = {3EF9A570-0820-D1BC-F902-95454796C6F6}
		{6657A542-8575-FB84-2B64-C14AEAB55F59}.29 = {F3CBFCDD-C03F-CEB1-3F11-28DD6D8A3F70}
		{ABA7F684-5B9E-B83A-8662-7C2B18E2D61C}.0 = {98F814EC-CCF7-3461-8E89-1A9A93FCAAD5}
		{ABA7F684-5B9E-B83A-8662-7C2B18E2D61C}.1 = {F5342C71-4E6F-72A9-E16A-9669A5A62054}
		{98F814EC-CCF7-3461-8E89-1A9A93FCAAD5}.0 = {5D81170B-D994-4363-9EE9-459ABA845686}
		{61BD1097-CF2E-B296-DAA9-73A6FE135319}.0 = {6ADA430D-009C-2ED4-A787-2AC2D6FEB8CE}
		{01585500-2818-9845-E99D-46451C8684B3}.0 = {3E5FACE3-1C88-7313-562B-59D6DCCC5E71}
		{01585500-2818-9845-E99D-46451C8684B3}.1 = {F5342C71-4E6F-72A9-E16A-9669A5A62054}
		{201A43AC-5DD4-7943-5969-7379D030EA98}.0 = {5E112DF4-61D2-AA58-33BB-E2792810B156}
		{201A43AC-5DD4-7943-5969-7379D030EA98}.1 = {01585500-2818-9845-E99D-46451C8684B3}
		{201A43AC-5DD4-7943-5969-7379D030EA98}.2 = {1020E648-2350-8556-4CD6-29FFD41D5DD6}
		{3E5FACE3-1C88-7313-562B-59D6DCCC5E71}.0 = {5D81170B-D994-4363-9EE9-459ABA845686}
		{F5342C71-4E6F-72A9-E16A-9669A5A62054}.0 = {01373DD0-AA91-AD26-E258-03C3692713F9}
		{64316035-1673-9B7E-8232-0FA26CCE3917}.0 = {B993A6F5-E010-8165-6D43-292D91AE7634}
		{64316035-1673-9B7E-8232-0FA26CCE3917}.1 = {C55114B0-7DC2-1B0C-3F7D-16B25F0EDC00}
		{64316035-1673-9B7E-8232-0FA26CCE3917}.2 = {5E112DF4-61D2-AA58-33BB-E2792810B156}
		{64316035-1673-9B7E-8232-0FA26CCE3917}.3 = {BC064E13-DAD5-1ECB-FDC6-9973C3C7E041}
		{64316035-1673-9B7E-8232-0FA26CCE3917}.4 = {CF3AAB33-A89F-E6BC-395D-5AC5C6396E12}
		{64316035-1673-9B7E-8232-0FA26CCE3917}.5 = {F1D39BCA-2873-BC83-03BC-8FF941ED7121}
		{64316035-1673-9B7E-8232-0FA26CCE3917}.6 = {F5342C71-4E6F-72A9-E16A-9669A5A62054}
		{64316035-1673-9B7E-8232-0FA26CCE3917}.7 = {1984AF92-88D0-AD1F-342A-B0AD79931D0B}
		{64316035-1673-9B7E-8232-0FA26CCE3917}.8 = {F429C19B-AFAC-44A0-D816-C8BB6DCE1BA6}
		{64316035-1673-9B7E-8232-0FA26CCE3917}.9 = {7A6598FD-8A88-8FD6-CBEA-3E31FFF93E13}
		{64316035-1673-9B7E-8232-0FA26CCE3917}.10 = {CB1805CB-8E89-B83B-0F29-D8569E098351}
		{64316035-1673-9B7E-8232-0FA26CCE3917}.11 = {5D81170B-D994-4363-9EE9-459ABA845686}
		{64316035-1673-9B7E-8232-0FA26CCE3917}.12 = {1020E648-2350-8556-4CD6-29FFD41D5DD6}
		{64316035-1673-9B7E-8232-0FA26CCE3917}.13 = {3EF9A570-0820-D1BC-F902-95454796C6F6}
		{64316035-1673-9B7E-8232-0FA26CCE3917}.14 = {F3CBFCDD-C03F-CEB1-3F11-28DD6D8A3F70}
		{3F6DC71E-36C0-2635-F617-1461C3BE70BB}.0 = {6ADA430D-009C-2ED4-A787-2AC2D6FEB8CE}
		{3F6DC71E-36C0-2635-F617-1461C3BE70BB}.1 = {61BD1097-CF2E-B296-DAA9-73A6FE135319}
		{3F6DC71E-36C0-2635-F617-1461C3BE70BB}.2 = {7D6E339F-9C2C-31DA-FDB0-5EE50973CF2A}
		{44A00952-D3B8-FC27-D991-E0FC769A952D}.0 = {F1D39BCA-2873-BC83-03BC-8FF941ED7121}
		{44A00952-D3B8-FC27-D991-E0FC769A952D}.1 = {1020E648-2350-8556-4CD6-29FFD41D5DD6}
		{1F7CABF7-9375-8F92-7B42-144DBC405743}.0 = {A9CB02EA-EB26-F4CC-C9D2-C0A729B49A93}
		{1F7CABF7-9375-8F92-7B42-144DBC405743}.1 = {1020E648-2350-8556-4CD6-29FFD41D5DD6}
		{5EF78382-21B8-FD27-6937-84B16B0544B7}.0 = {1020E648-2350-8556-4CD6-29FFD41D5DD6}
		{927E45C5-0798-777C-6F11-2955C283F16E}.0 = {F5342C71-4E6F-72A9-E16A-9669A5A62054}
		{DF7FFAEE-0932-F5F0-2AA4-912F1A290E1B}.0 = {F5342C71-4E6F-72A9-E16A-9669A5A62054}
		{DF7FFAEE-0932-F5F0-2AA4-912F1A290E1B}.1 = {5EF78382-21B8-FD27-6937-84B16B0544B7}
		{DF7FFAEE-0932-F5F0-2AA4-912F1A290E1B}.2 = {927E45C5-0798-777C-6F11-2955C283F16E}
		{DF7FFAEE-0932-F5F0-2AA4-912F1A290E1B}.3 = {46CC2367-8F8A-A82E-4B3A-99D5824D3CC5}
		{B93558AE-23EB-F5B3-63DC-8928E685DA33}.0 = {1020E648-2350-8556-4CD6-29FFD41D5DD6}
		{46CC2367-8F8A-A82E-4B3A-99D5824D3CC5}.0 = {5D81170B-D994-4363-9EE9-459ABA845686}
		{2C7D703A-96CF-7586-13F6-4E082DA679DC}.0 = {01373DD0-AA91-AD26-E258-03C3692713F9}
		{C4C34842-F7D7-F14F-130D-27865148B777}.0 = {1020E648-2350-8556-4CD6-29FFD41D5DD6}
		{7A6598FD-8A88-8FD6-CBEA-3E31FFF93E13}.0 = {CB1805CB-8E89-B83B-0F29-D8569E098351}
		{F3CBFCDD-C03F-CEB1-3F11-28DD6D8A3F70}.0 = {BC064E13-DAD5-1ECB-FDC6-9973C3C7E041}
		{F3CBFCDD-C03F-CEB1-3F11-28DD6D8A3F70}.1 = {F1D39BCA-2873-BC83-03BC-8FF941ED7121}
		{F3CBFCDD-C03F-CEB1-3F11-28DD6D8A3F70}.2 = {7A6598FD-8A88-8FD6-CBEA-3E31FFF93E13}
	EndGlobalSection
	GlobalSection(ProjectConfiguration) = postSolution
  		{3BFBF276-FB16-40C5-3A0B-5D689497BB74}.Release (with static libs).ActiveCfg = Release (with static libs)|Win32
		{3BFBF276-FB16-40C5-3A0B-5D689497BB74}.Release (with static libs).Build.0 = Release (with static libs)|Win32
  		{3BFBF276-FB16-40C5-3A0B-5D689497BB74}.Release (with DLLs).ActiveCfg = Release (with DLLs)|Win32
		{3BFBF276-FB16-40C5-3A0B-5D689497BB74}.Release (with DLLs).Build.0 = Release (with DLLs)|Win32
    		{3BFBF276-FB16-40C5-3A0B-5D689497BB74}.Debug (with static libs).ActiveCfg = Debug (with static libs)|Win32
		{3BFBF276-FB16-40C5-3A0B-5D689497BB74}.Debug (with static libs).Build.0 = Debug (with static libs)|Win32
  		{3BFBF276-FB16-40C5-3A0B-5D689497BB74}.Debug (with DLLs).ActiveCfg = Debug (with DLLs)|Win32
		{3BFBF276-FB16-40C5-3A0B-5D689497BB74}.Debug (with DLLs).Build.0 = Debug (with DLLs)|Win32
    		{0067E987-1E32-EE37-9E71-82B4108B20E3}.Release (with static libs).ActiveCfg = Release (with static libs)|Win32
		{0067E987-1E32-EE37-9E71-82B4108B20E3}.Release (with static libs).Build.0 = Release (with static libs)|Win32
  		{0067E987-1E32-EE37-9E71-82B4108B20E3}.Release (with DLLs).ActiveCfg = Release (with DLLs)|Win32
		{0067E987-1E32-EE37-9E71-82B4108B20E3}.Release (with DLLs).Build.0 = Release (with DLLs)|Win32
    		{0067E987-1E32-EE37-9E71-82B4108B20E3}.Debug (with static libs).ActiveCfg = Debug (with static libs)|Win32
		{0067E987-1E32-EE37-9E71-82B4108B20E3}.Debug (with static libs).Build.0 = Debug (with static libs)|Win32
  		{0067E987-1E32-EE37-9E71-82B4108B20E3}.Debug (with DLLs).ActiveCfg = Debug (with DLLs)|Win32
		{0067E987-1E32-EE37-9E71-82B4108B20E3}.Debug (with DLLs).Build.0 = Debug (with DLLs)|Win32
    		{6657A542-8575-FB84-2B64-C14AEAB55F59}.Release (with static libs).ActiveCfg = Release (with static libs)|Win32
		{6657A542-8575-FB84-2B64-C14AEAB55F59}.Release (with static libs).Build.0 = Release (with static libs)|Win32
  		{6657A542-8575-FB84-2B64-C14AEAB55F59}.Release (with DLLs).ActiveCfg = Release (with DLLs)|Win32
		{6657A542-8575-FB84-2B64-C14AEAB55F59}.Release (with DLLs).Build.0 = Release (with DLLs)|Win32
    		{6657A542-8575-FB84-2B64-C14AEAB55F59}.Debug (with static libs).ActiveCfg = Debug (with static libs)|Win32
		{6657A542-8575-FB84-2B64-C14AEAB55F59}.Debug (with static libs).Build.0 = Debug (with static libs)|Win32
  		{6657A542-8575-FB84-2B64-C14AEAB55F59}.Debug (with DLLs).ActiveCfg = Debug (with DLLs)|Win32
		{6657A542-8575-FB84-2B64-C14AEAB55F59}.Debug (with DLLs).Build.0 = Debug (with DLLs)|Win32
    		{BD683199-8620-3A82-33BB-F4CACD48FF37}.Release (with static libs).ActiveCfg = Release (with static libs)|Win32
		{BD683199-8620-3A82-33BB-F4CACD48FF37}.Release (with static libs).Build.0 = Release (with static libs)|Win32
  		{BD683199-8620-3A82-33BB-F4CACD48FF37}.Release (with DLLs).ActiveCfg = Release (with DLLs)|Win32
		{BD683199-8620-3A82-33BB-F4CACD48FF37}.Release (with DLLs).Build.0 = Release (with DLLs)|Win32
    		{BD683199-8620-3A82-33BB-F4CACD48FF37}.Debug (with static libs).ActiveCfg = Debug (with static libs)|Win32
		{BD683199-8620-3A82-33BB-F4CACD48FF37}.Debug (with static libs).Build.0 = Debug (with static libs)|Win32
  		{BD683199-8620-3A82-33BB-F4CACD48FF37}.Debug (with DLLs).ActiveCfg = Debug (with DLLs)|Win32
		{BD683199-8620-3A82-33BB-F4CACD48FF37}.Debug (with DLLs).Build.0 = Debug (with DLLs)|Win32
    		{ABA7F684-5B9E-B83A-8662-7C2B18E2D61C}.Release (with static libs).ActiveCfg = Release (with static libs)|Win32
		{ABA7F684-5B9E-B83A-8662-7C2B18E2D61C}.Release (with static libs).Build.0 = Release (with static libs)|Win32
  		{ABA7F684-5B9E-B83A-8662-7C2B18E2D61C}.Release (with DLLs).ActiveCfg = Release (with DLLs)|Win32
		{ABA7F684-5B9E-B83A-8662-7C2B18E2D61C}.Release (with DLLs).Build.0 = Release (with DLLs)|Win32
    		{ABA7F684-5B9E-B83A-8662-7C2B18E2D61C}.Debug (with static libs).ActiveCfg = Debug (with static libs)|Win32
		{ABA7F684-5B9E-B83A-8662-7C2B18E2D61C}.Debug (with static libs).Build.0 = Debug (with static libs)|Win32
  		{ABA7F684-5B9E-B83A-8662-7C2B18E2D61C}.Debug (with DLLs).ActiveCfg = Debug (with DLLs)|Win32
		{ABA7F684-5B9E-B83A-8662-7C2B18E2D61C}.Debug (with DLLs).Build.0 = Debug (with DLLs)|Win32
    		{98F814EC-CCF7-3461-8E89-1A9A93FCAAD5}.Release (with static libs).ActiveCfg = Release (with static libs)|Win32
		{98F814EC-CCF7-3461-8E89-1A9A93FCAAD5}.Release (with static libs).Build.0 = Release (with static libs)|Win32
  		{98F814EC-CCF7-3461-8E89-1A9A93FCAAD5}.Release (with DLLs).ActiveCfg = Release (with DLLs)|Win32
		{98F814EC-CCF7-3461-8E89-1A9A93FCAAD5}.Release (with DLLs).Build.0 = Release (with DLLs)|Win32
    		{98F814EC-CCF7-3461-8E89-1A9A93FCAAD5}.Debug (with static libs).ActiveCfg = Debug (with static libs)|Win32
		{98F814EC-CCF7-3461-8E89-1A9A93FCAAD5}.Debug (with static libs).Build.0 = Debug (with static libs)|Win32
  		{98F814EC-CCF7-3461-8E89-1A9A93FCAAD5}.Debug (with DLLs).ActiveCfg = Debug (with DLLs)|Win32
		{98F814EC-CCF7-3461-8E89-1A9A93FCAAD5}.Debug (with DLLs).Build.0 = Debug (with DLLs)|Win32
    		{6ADA430D-009C-2ED4-A787-2AC2D6FEB8CE}.Release (with static libs).ActiveCfg = Release (with static libs)|Win32
		{6ADA430D-009C-2ED4-A787-2AC2D6FEB8CE}.Release (with static libs).Build.0 = Release (with static libs)|Win32
  		{6ADA430D-009C-2ED4-A787-2AC2D6FEB8CE}.Release (with DLLs).ActiveCfg = Release (with DLLs)|Win32
		{6ADA430D-009C-2ED4-A787-2AC2D6FEB8CE}.Release (with DLLs).Build.0 = Release (with DLLs)|Win32
    		{6ADA430D-009C-2ED4-A787-2AC2D6FEB8CE}.Debug (with static libs).ActiveCfg = Debug (with static libs)|Win32
		{6ADA430D-009C-2ED4-A787-2AC2D6FEB8CE}.Debug (with static libs).Build.0 = Debug (with static libs)|Win32
  		{6ADA430D-009C-2ED4-A787-2AC2D6FEB8CE}.Debug (with DLLs).ActiveCfg = Debug (with DLLs)|Win32
		{6ADA430D-009C-2ED4-A787-2AC2D6FEB8CE}.Debug (with DLLs).Build.0 = Debug (with DLLs)|Win32
    		{61BD1097-CF2E-B296-DAA9-73A6FE135319}.Release (with static libs).ActiveCfg = Release (with static libs)|Win32
		{61BD1097-CF2E-B296-DAA9-73A6FE135319}.Release (with static libs).Build.0 = Release (with static libs)|Win32
  		{61BD1097-CF2E-B296-DAA9-73A6FE135319}.Release (with DLLs).ActiveCfg = Release (with DLLs)|Win32
		{61BD1097-CF2E-B296-DAA9-73A6FE135319}.Release (with DLLs).Build.0 = Release (with DLLs)|Win32
    		{61BD1097-CF2E-B296-DAA9-73A6FE135319}.Debug (with static libs).ActiveCfg = Debug (with static libs)|Win32
		{61BD1097-CF2E-B296-DAA9-73A6FE135319}.Debug (with static libs).Build.0 = Debug (with static libs)|Win32
  		{61BD1097-CF2E-B296-DAA9-73A6FE135319}.Debug (with DLLs).ActiveCfg = Debug (with DLLs)|Win32
		{61BD1097-CF2E-B296-DAA9-73A6FE135319}.Debug (with DLLs).Build.0 = Debug (with DLLs)|Win32
    		{7D6E339F-9C2C-31DA-FDB0-5EE50973CF2A}.Release (with static libs).ActiveCfg = Release (with static libs)|Win32
		{7D6E339F-9C2C-31DA-FDB0-5EE50973CF2A}.Release (with static libs).Build.0 = Release (with static libs)|Win32
  		{7D6E339F-9C2C-31DA-FDB0-5EE50973CF2A}.Release (with DLLs).ActiveCfg = Release (with DLLs)|Win32
		{7D6E339F-9C2C-31DA-FDB0-5EE50973CF2A}.Release (with DLLs).Build.0 = Release (with DLLs)|Win32
    		{7D6E339F-9C2C-31DA-FDB0-5EE50973CF2A}.Debug (with static libs).ActiveCfg = Debug (with static libs)|Win32
		{7D6E339F-9C2C-31DA-FDB0-5EE50973CF2A}.Debug (with static libs).Build.0 = Debug (with static libs)|Win32
  		{7D6E339F-9C2C-31DA-FDB0-5EE50973CF2A}.Debug (with DLLs).ActiveCfg = Debug (with DLLs)|Win32
		{7D6E339F-9C2C-31DA-FDB0-5EE50973CF2A}.Debug (with DLLs).Build.0 = Debug (with DLLs)|Win32
    		{C007A05D-5A86-5DDF-1151-4D6C236BBF8F}.Release (with static libs).ActiveCfg = Release (with static libs)|Win32
		{C007A05D-5A86-5DDF-1151-4D6C236BBF8F}.Release (with static libs).Build.0 = Release (with static libs)|Win32
  		{C007A05D-5A86-5DDF-1151-4D6C236BBF8F}.Release (with DLLs).ActiveCfg = Release (with DLLs)|Win32
		{C007A05D-5A86-5DDF-1151-4D6C236BBF8F}.Release (with DLLs).Build.0 = Release (with DLLs)|Win32
    		{C007A05D-5A86-5DDF-1151-4D6C236BBF8F}.Debug (with static libs).ActiveCfg = Debug (with static libs)|Win32
		{C007A05D-5A86-5DDF-1151-4D6C236BBF8F}.Debug (with static libs).Build.0 = Debug (with static libs)|Win32
  		{C007A05D-5A86-5DDF-1151-4D6C236BBF8F}.Debug (with DLLs).ActiveCfg = Debug (with DLLs)|Win32
		{C007A05D-5A86-5DDF-1151-4D6C236BBF8F}.Debug (with DLLs).Build.0 = Debug (with DLLs)|Win32
    		{A083C033-9407-7708-ADAE-B98A9FF52564}.Release (with static libs).ActiveCfg = Release (with static libs)|Win32
		{A083C033-9407-7708-ADAE-B98A9FF52564}.Release (with static libs).Build.0 = Release (with static libs)|Win32
  		{A083C033-9407-7708-ADAE-B98A9FF52564}.Release (with DLLs).ActiveCfg = Release (with DLLs)|Win32
		{A083C033-9407-7708-ADAE-B98A9FF52564}.Release (with DLLs).Build.0 = Release (with DLLs)|Win32
    		{A083C033-9407-7708-ADAE-B98A9FF52564}.Debug (with static libs).ActiveCfg = Debug (with static libs)|Win32
		{A083C033-9407-7708-ADAE-B98A9FF52564}.Debug (with static libs).Build.0 = Debug (with static libs)|Win32
  		{A083C033-9407-7708-ADAE-B98A9FF52564}.Debug (with DLLs).ActiveCfg = Debug (with DLLs)|Win32
		{A083C033-9407-7708-ADAE-B98A9FF52564}.Debug (with DLLs).Build.0 = Debug (with DLLs)|Win32
    		{B993A6F5-E010-8165-6D43-292D91AE7634}.Release (with static libs).ActiveCfg = Release (with static libs)|Win32
		{B993A6F5-E010-8165-6D43-292D91AE7634}.Release (with static libs).Build.0 = Release (with static libs)|Win32
  		{B993A6F5-E010-8165-6D43-292D91AE7634}.Release (with DLLs).ActiveCfg = Release (with DLLs)|Win32
		{B993A6F5-E010-8165-6D43-292D91AE7634}.Release (with DLLs).Build.0 = Release (with DLLs)|Win32
    		{B993A6F5-E010-8165-6D43-292D91AE7634}.Debug (with static libs).ActiveCfg = Debug (with static libs)|Win32
		{B993A6F5-E010-8165-6D43-292D91AE7634}.Debug (with static libs).Build.0 = Debug (with static libs)|Win32
  		{B993A6F5-E010-8165-6D43-292D91AE7634}.Debug (with DLLs).ActiveCfg = Debug (with DLLs)|Win32
		{B993A6F5-E010-8165-6D43-292D91AE7634}.Debug (with DLLs).Build.0 = Debug (with DLLs)|Win32
    		{C55114B0-7DC2-1B0C-3F7D-16B25F0EDC00}.Release (with static libs).ActiveCfg = Release (with static libs)|Win32
		{C55114B0-7DC2-1B0C-3F7D-16B25F0EDC00}.Release (with static libs).Build.0 = Release (with static libs)|Win32
  		{C55114B0-7DC2-1B0C-3F7D-16B25F0EDC00}.Release (with DLLs).ActiveCfg = Release (with DLLs)|Win32
		{C55114B0-7DC2-1B0C-3F7D-16B25F0EDC00}.Release (with DLLs).Build.0 = Release (with DLLs)|Win32
    		{C55114B0-7DC2-1B0C-3F7D-16B25F0EDC00}.Debug (with static libs).ActiveCfg = Debug (with static libs)|Win32
		{C55114B0-7DC2-1B0C-3F7D-16B25F0EDC00}.Debug (with static libs).Build.0 = Debug (with static libs)|Win32
  		{C55114B0-7DC2-1B0C-3F7D-16B25F0EDC00}.Debug (with DLLs).ActiveCfg = Debug (with DLLs)|Win32
		{C55114B0-7DC2-1B0C-3F7D-16B25F0EDC00}.Debug (with DLLs).Build.0 = Debug (with DLLs)|Win32
    		{5E112DF4-61D2-AA58-33BB-E2792810B156}.Release (with static libs).ActiveCfg = Release (with static libs)|Win32
		{5E112DF4-61D2-AA58-33BB-E2792810B156}.Release (with static libs).Build.0 = Release (with static libs)|Win32
  		{5E112DF4-61D2-AA58-33BB-E2792810B156}.Release (with DLLs).ActiveCfg = Release (with DLLs)|Win32
		{5E112DF4-61D2-AA58-33BB-E2792810B156}.Release (with DLLs).Build.0 = Release (with DLLs)|Win32
    		{5E112DF4-61D2-AA58-33BB-E2792810B156}.Debug (with static libs).ActiveCfg = Debug (with static libs)|Win32
		{5E112DF4-61D2-AA58-33BB-E2792810B156}.Debug (with static libs).Build.0 = Debug (with static libs)|Win32
  		{5E112DF4-61D2-AA58-33BB-E2792810B156}.Debug (with DLLs).ActiveCfg = Debug (with DLLs)|Win32
		{5E112DF4-61D2-AA58-33BB-E2792810B156}.Debug (with DLLs).Build.0 = Debug (with DLLs)|Win32
    		{BF4129D2-DB7C-DED2-8AC2-D31815CC0CA7}.Release (with static libs).ActiveCfg = Release (with static libs)|Win32
		{BF4129D2-DB7C-DED2-8AC2-D31815CC0CA7}.Release (with static libs).Build.0 = Release (with static libs)|Win32
  		{BF4129D2-DB7C-DED2-8AC2-D31815CC0CA7}.Release (with DLLs).ActiveCfg = Release (with DLLs)|Win32
		{BF4129D2-DB7C-DED2-8AC2-D31815CC0CA7}.Release (with DLLs).Build.0 = Release (with DLLs)|Win32
    		{BF4129D2-DB7C-DED2-8AC2-D31815CC0CA7}.Debug (with static libs).ActiveCfg = Debug (with static libs)|Win32
		{BF4129D2-DB7C-DED2-8AC2-D31815CC0CA7}.Debug (with static libs).Build.0 = Debug (with static libs)|Win32
  		{BF4129D2-DB7C-DED2-8AC2-D31815CC0CA7}.Debug (with DLLs).ActiveCfg = Debug (with DLLs)|Win32
		{BF4129D2-DB7C-DED2-8AC2-D31815CC0CA7}.Debug (with DLLs).Build.0 = Debug (with DLLs)|Win32
    		{589EADEF-AC27-72E3-0138-C9012FCA9F0B}.Release (with static libs).ActiveCfg = Release (with static libs)|Win32
		{589EADEF-AC27-72E3-0138-C9012FCA9F0B}.Release (with static libs).Build.0 = Release (with static libs)|Win32
  		{589EADEF-AC27-72E3-0138-C9012FCA9F0B}.Release (with DLLs).ActiveCfg = Release (with DLLs)|Win32
		{589EADEF-AC27-72E3-0138-C9012FCA9F0B}.Release (with DLLs).Build.0 = Release (with DLLs)|Win32
    		{589EADEF-AC27-72E3-0138-C9012FCA9F0B}.Debug (with static libs).ActiveCfg = Debug (with static libs)|Win32
		{589EADEF-AC27-72E3-0138-C9012FCA9F0B}.Debug (with static libs).Build.0 = Debug (with static libs)|Win32
  		{589EADEF-AC27-72E3-0138-C9012FCA9F0B}.Debug (with DLLs).ActiveCfg = Debug (with DLLs)|Win32
		{589EADEF-AC27-72E3-0138-C9012FCA9F0B}.Debug (with DLLs).Build.0 = Debug (with DLLs)|Win32
    		{3003F7D0-0F84-42C5-FE8A-2B5943062A66}.Release (with static libs).ActiveCfg = Release (with static libs)|Win32
		{3003F7D0-0F84-42C5-FE8A-2B5943062A66}.Release (with static libs).Build.0 = Release (with static libs)|Win32
  		{3003F7D0-0F84-42C5-FE8A-2B5943062A66}.Release (with DLLs).ActiveCfg = Release (with DLLs)|Win32
		{3003F7D0-0F84-42C5-FE8A-2B5943062A66}.Release (with DLLs).Build.0 = Release (with DLLs)|Win32
    		{3003F7D0-0F84-42C5-FE8A-2B5943062A66}.Debug (with static libs).ActiveCfg = Debug (with static libs)|Win32
		{3003F7D0-0F84-42C5-FE8A-2B5943062A66}.Debug (with static libs).Build.0 = Debug (with static libs)|Win32
  		{3003F7D0-0F84-42C5-FE8A-2B5943062A66}.Debug (with DLLs).ActiveCfg = Debug (with DLLs)|Win32
		{3003F7D0-0F84-42C5-FE8A-2B5943062A66}.Debug (with DLLs).Build.0 = Debug (with DLLs)|Win32
    		{80D23D44-557C-C763-AC7A-6984F6D91243}.Release (with static libs).ActiveCfg = Release (with static libs)|Win32
		{80D23D44-557C-C763-AC7A-6984F6D91243}.Release (with static libs).Build.0 = Release (with static libs)|Win32
  		{80D23D44-557C-C763-AC7A-6984F6D91243}.Release (with DLLs).ActiveCfg = Release (with DLLs)|Win32
		{80D23D44-557C-C763-AC7A-6984F6D91243}.Release (with DLLs).Build.0 = Release (with DLLs)|Win32
    		{80D23D44-557C-C763-AC7A-6984F6D91243}.Debug (with static libs).ActiveCfg = Debug (with static libs)|Win32
		{80D23D44-557C-C763-AC7A-6984F6D91243}.Debug (with static libs).Build.0 = Debug (with static libs)|Win32
  		{80D23D44-557C-C763-AC7A-6984F6D91243}.Debug (with DLLs).ActiveCfg = Debug (with DLLs)|Win32
		{80D23D44-557C-C763-AC7A-6984F6D91243}.Debug (with DLLs).Build.0 = Debug (with DLLs)|Win32
    		{01585500-2818-9845-E99D-46451C8684B3}.Release (with static libs).ActiveCfg = Release (with static libs)|Win32
		{01585500-2818-9845-E99D-46451C8684B3}.Release (with static libs).Build.0 = Release (with static libs)|Win32
  		{01585500-2818-9845-E99D-46451C8684B3}.Release (with DLLs).ActiveCfg = Release (with DLLs)|Win32
		{01585500-2818-9845-E99D-46451C8684B3}.Release (with DLLs).Build.0 = Release (with DLLs)|Win32
    		{01585500-2818-9845-E99D-46451C8684B3}.Debug (with static libs).ActiveCfg = Debug (with static libs)|Win32
		{01585500-2818-9845-E99D-46451C8684B3}.Debug (with static libs).Build.0 = Debug (with static libs)|Win32
  		{01585500-2818-9845-E99D-46451C8684B3}.Debug (with DLLs).ActiveCfg = Debug (with DLLs)|Win32
		{01585500-2818-9845-E99D-46451C8684B3}.Debug (with DLLs).Build.0 = Debug (with DLLs)|Win32
    		{FE525EB7-7407-BD8B-3AB2-DD0FAB629705}.Release (with static libs).ActiveCfg = Release (with static libs)|Win32
		{FE525EB7-7407-BD8B-3AB2-DD0FAB629705}.Release (with static libs).Build.0 = Release (with static libs)|Win32
  		{FE525EB7-7407-BD8B-3AB2-DD0FAB629705}.Release (with DLLs).ActiveCfg = Release (with DLLs)|Win32
		{FE525EB7-7407-BD8B-3AB2-DD0FAB629705}.Release (with DLLs).Build.0 = Release (with DLLs)|Win32
    		{FE525EB7-7407-BD8B-3AB2-DD0FAB629705}.Debug (with static libs).ActiveCfg = Debug (with static libs)|Win32
		{FE525EB7-7407-BD8B-3AB2-DD0FAB629705}.Debug (with static libs).Build.0 = Debug (with static libs)|Win32
  		{FE525EB7-7407-BD8B-3AB2-DD0FAB629705}.Debug (with DLLs).ActiveCfg = Debug (with DLLs)|Win32
		{FE525EB7-7407-BD8B-3AB2-DD0FAB629705}.Debug (with DLLs).Build.0 = Debug (with DLLs)|Win32
    		{201A43AC-5DD4-7943-5969-7379D030EA98}.Release (with static libs).ActiveCfg = Release (with static libs)|Win32
		{201A43AC-5DD4-7943-5969-7379D030EA98}.Release (with static libs).Build.0 = Release (with static libs)|Win32
  		{201A43AC-5DD4-7943-5969-7379D030EA98}.Release (with DLLs).ActiveCfg = Release (with DLLs)|Win32
		{201A43AC-5DD4-7943-5969-7379D030EA98}.Release (with DLLs).Build.0 = Release (with DLLs)|Win32
    		{201A43AC-5DD4-7943-5969-7379D030EA98}.Debug (with static libs).ActiveCfg = Debug (with static libs)|Win32
		{201A43AC-5DD4-7943-5969-7379D030EA98}.Debug (with static libs).Build.0 = Debug (with static libs)|Win32
  		{201A43AC-5DD4-7943-5969-7379D030EA98}.Debug (with DLLs).ActiveCfg = Debug (with DLLs)|Win32
		{201A43AC-5DD4-7943-5969-7379D030EA98}.Debug (with DLLs).Build.0 = Debug (with DLLs)|Win32
    		{461015F5-EAE8-E6F0-C08F-6A74BA95F6C6}.Release (with static libs).ActiveCfg = Release (with static libs)|Win32
		{461015F5-EAE8-E6F0-C08F-6A74BA95F6C6}.Release (with static libs).Build.0 = Release (with static libs)|Win32
  		{461015F5-EAE8-E6F0-C08F-6A74BA95F6C6}.Release (with DLLs).ActiveCfg = Release (with DLLs)|Win32
		{461015F5-EAE8-E6F0-C08F-6A74BA95F6C6}.Release (with DLLs).Build.0 = Release (with DLLs)|Win32
    		{461015F5-EAE8-E6F0-C08F-6A74BA95F6C6}.Debug (with static libs).ActiveCfg = Debug (with static libs)|Win32
		{461015F5-EAE8-E6F0-C08F-6A74BA95F6C6}.Debug (with static libs).Build.0 = Debug (with static libs)|Win32
  		{461015F5-EAE8-E6F0-C08F-6A74BA95F6C6}.Debug (with DLLs).ActiveCfg = Debug (with DLLs)|Win32
		{461015F5-EAE8-E6F0-C08F-6A74BA95F6C6}.Debug (with DLLs).Build.0 = Debug (with DLLs)|Win32
    		{3E5FACE3-1C88-7313-562B-59D6DCCC5E71}.Release (with static libs).ActiveCfg = Release (with static libs)|Win32
		{3E5FACE3-1C88-7313-562B-59D6DCCC5E71}.Release (with static libs).Build.0 = Release (with static libs)|Win32
  		{3E5FACE3-1C88-7313-562B-59D6DCCC5E71}.Release (with DLLs).ActiveCfg = Release (with DLLs)|Win32
		{3E5FACE3-1C88-7313-562B-59D6DCCC5E71}.Release (with DLLs).Build.0 = Release (with DLLs)|Win32
    		{3E5FACE3-1C88-7313-562B-59D6DCCC5E71}.Debug (with static libs).ActiveCfg = Debug (with static libs)|Win32
		{3E5FACE3-1C88-7313-562B-59D6DCCC5E71}.Debug (with static libs).Build.0 = Debug (with static libs)|Win32
  		{3E5FACE3-1C88-7313-562B-59D6DCCC5E71}.Debug (with DLLs).ActiveCfg = Debug (with DLLs)|Win32
		{3E5FACE3-1C88-7313-562B-59D6DCCC5E71}.Debug (with DLLs).Build.0 = Debug (with DLLs)|Win32
    		{E46CB2FE-C7FC-8900-683B-79547F8D5A46}.Release (with static libs).ActiveCfg = Release (with static libs)|Win32
		{E46CB2FE-C7FC-8900-683B-79547F8D5A46}.Release (with static libs).Build.0 = Release (with static libs)|Win32
  		{E46CB2FE-C7FC-8900-683B-79547F8D5A46}.Release (with DLLs).ActiveCfg = Release (with DLLs)|Win32
		{E46CB2FE-C7FC-8900-683B-79547F8D5A46}.Release (with DLLs).Build.0 = Release (with DLLs)|Win32
    		{E46CB2FE-C7FC-8900-683B-79547F8D5A46}.Debug (with static libs).ActiveCfg = Debug (with static libs)|Win32
		{E46CB2FE-C7FC-8900-683B-79547F8D5A46}.Debug (with static libs).Build.0 = Debug (with static libs)|Win32
  		{E46CB2FE-C7FC-8900-683B-79547F8D5A46}.Debug (with DLLs).ActiveCfg = Debug (with DLLs)|Win32
		{E46CB2FE-C7FC-8900-683B-79547F8D5A46}.Debug (with DLLs).Build.0 = Debug (with DLLs)|Win32
    		{DC101AB3-1CE0-CF53-FFDD-D5E79FC25006}.Release (with static libs).ActiveCfg = Release (with static libs)|Win32
		{DC101AB3-1CE0-CF53-FFDD-D5E79FC25006}.Release (with static libs).Build.0 = Release (with static libs)|Win32
  		{DC101AB3-1CE0-CF53-FFDD-D5E79FC25006}.Release (with DLLs).ActiveCfg = Release (with DLLs)|Win32
		{DC101AB3-1CE0-CF53-FFDD-D5E79FC25006}.Release (with DLLs).Build.0 = Release (with DLLs)|Win32
    		{DC101AB3-1CE0-CF53-FFDD-D5E79FC25006}.Debug (with static libs).ActiveCfg = Debug (with static libs)|Win32
		{DC101AB3-1CE0-CF53-FFDD-D5E79FC25006}.Debug (with static libs).Build.0 = Debug (with static libs)|Win32
  		{DC101AB3-1CE0-CF53-FFDD-D5E79FC25006}.Debug (with DLLs).ActiveCfg = Debug (with DLLs)|Win32
		{DC101AB3-1CE0-CF53-FFDD-D5E79FC25006}.Debug (with DLLs).Build.0 = Debug (with DLLs)|Win32
    		{BC064E13-DAD5-1ECB-FDC6-9973C3C7E041}.Release (with static libs).ActiveCfg = Release (with static libs)|Win32
		{BC064E13-DAD5-1ECB-FDC6-9973C3C7E041}.Release (with static libs).Build.0 = Release (with static libs)|Win32
  		{BC064E13-DAD5-1ECB-FDC6-9973C3C7E041}.Release (with DLLs).ActiveCfg = Release (with DLLs)|Win32
		{BC064E13-DAD5-1ECB-FDC6-9973C3C7E041}.Release (with DLLs).Build.0 = Release (with DLLs)|Win32
    		{BC064E13-DAD5-1ECB-FDC6-9973C3C7E041}.Debug (with static libs).ActiveCfg = Debug (with static libs)|Win32
		{BC064E13-DAD5-1ECB-FDC6-9973C3C7E041}.Debug (with static libs).Build.0 = Debug (with static libs)|Win32
  		{BC064E13-DAD5-1ECB-FDC6-9973C3C7E041}.Debug (with DLLs).ActiveCfg = Debug (with DLLs)|Win32
		{BC064E13-DAD5-1ECB-FDC6-9973C3C7E041}.Debug (with DLLs).Build.0 = Debug (with DLLs)|Win32
    		{9410B0F7-D07B-3D4A-1A73-F20755801F65}.Release (with static libs).ActiveCfg = Release (with static libs)|Win32
		{9410B0F7-D07B-3D4A-1A73-F20755801F65}.Release (with static libs).Build.0 = Release (with static libs)|Win32
  		{9410B0F7-D07B-3D4A-1A73-F20755801F65}.Release (with DLLs).ActiveCfg = Release (with DLLs)|Win32
		{9410B0F7-D07B-3D4A-1A73-F20755801F65}.Release (with DLLs).Build.0 = Release (with DLLs)|Win32
    		{9410B0F7-D07B-3D4A-1A73-F20755801F65}.Debug (with static libs).ActiveCfg = Debug (with static libs)|Win32
		{9410B0F7-D07B-3D4A-1A73-F20755801F65}.Debug (with static libs).Build.0 = Debug (with static libs)|Win32
  		{9410B0F7-D07B-3D4A-1A73-F20755801F65}.Debug (with DLLs).ActiveCfg = Debug (with DLLs)|Win32
		{9410B0F7-D07B-3D4A-1A73-F20755801F65}.Debug (with DLLs).Build.0 = Debug (with DLLs)|Win32
    		{CF3AAB33-A89F-E6BC-395D-5AC5C6396E12}.Release (with static libs).ActiveCfg = Release (with static libs)|Win32
		{CF3AAB33-A89F-E6BC-395D-5AC5C6396E12}.Release (with static libs).Build.0 = Release (with static libs)|Win32
  		{CF3AAB33-A89F-E6BC-395D-5AC5C6396E12}.Release (with DLLs).ActiveCfg = Release (with DLLs)|Win32
		{CF3AAB33-A89F-E6BC-395D-5AC5C6396E12}.Release (with DLLs).Build.0 = Release (with DLLs)|Win32
    		{CF3AAB33-A89F-E6BC-395D-5AC5C6396E12}.Debug (with static libs).ActiveCfg = Debug (with static libs)|Win32
		{CF3AAB33-A89F-E6BC-395D-5AC5C6396E12}.Debug (with static libs).Build.0 = Debug (with static libs)|Win32
  		{CF3AAB33-A89F-E6BC-395D-5AC5C6396E12}.Debug (with DLLs).ActiveCfg = Debug (with DLLs)|Win32
		{CF3AAB33-A89F-E6BC-395D-5AC5C6396E12}.Debug (with DLLs).Build.0 = Debug (with DLLs)|Win32
    		{E221859C-9445-1AA6-3E95-E33E77A8B396}.Release (with static libs).ActiveCfg = Release (with static libs)|Win32
		{E221859C-9445-1AA6-3E95-E33E77A8B396}.Release (with static libs).Build.0 = Release (with static libs)|Win32
  		{E221859C-9445-1AA6-3E95-E33E77A8B396}.Release (with DLLs).ActiveCfg = Release (with DLLs)|Win32
		{E221859C-9445-1AA6-3E95-E33E77A8B396}.Release (with DLLs).Build.0 = Release (with DLLs)|Win32
    		{E221859C-9445-1AA6-3E95-E33E77A8B396}.Debug (with static libs).ActiveCfg = Debug (with static libs)|Win32
		{E221859C-9445-1AA6-3E95-E33E77A8B396}.Debug (with static libs).Build.0 = Debug (with static libs)|Win32
  		{E221859C-9445-1AA6-3E95-E33E77A8B396}.Debug (with DLLs).ActiveCfg = Debug (with DLLs)|Win32
		{E221859C-9445-1AA6-3E95-E33E77A8B396}.Debug (with DLLs).Build.0 = Debug (with DLLs)|Win32
    		{F1D39BCA-2873-BC83-03BC-8FF941ED7121}.Release (with static libs).ActiveCfg = Release (with static libs)|Win32
		{F1D39BCA-2873-BC83-03BC-8FF941ED7121}.Release (with static libs).Build.0 = Release (with static libs)|Win32
  		{F1D39BCA-2873-BC83-03BC-8FF941ED7121}.Release (with DLLs).ActiveCfg = Release (with DLLs)|Win32
		{F1D39BCA-2873-BC83-03BC-8FF941ED7121}.Release (with DLLs).Build.0 = Release (with DLLs)|Win32
    		{F1D39BCA-2873-BC83-03BC-8FF941ED7121}.Debug (with static libs).ActiveCfg = Debug (with static libs)|Win32
		{F1D39BCA-2873-BC83-03BC-8FF941ED7121}.Debug (with static libs).Build.0 = Debug (with static libs)|Win32
  		{F1D39BCA-2873-BC83-03BC-8FF941ED7121}.Debug (with DLLs).ActiveCfg = Debug (with DLLs)|Win32
		{F1D39BCA-2873-BC83-03BC-8FF941ED7121}.Debug (with DLLs).Build.0 = Debug (with DLLs)|Win32
    		{C13F53C2-12AC-50C0-BC42-8BEAAF8DA7F7}.Release (with static libs).ActiveCfg = Release (with static libs)|Win32
		{C13F53C2-12AC-50C0-BC42-8BEAAF8DA7F7}.Release (with static libs).Build.0 = Release (with static libs)|Win32
  		{C13F53C2-12AC-50C0-BC42-8BEAAF8DA7F7}.Release (with DLLs).ActiveCfg = Release (with DLLs)|Win32
		{C13F53C2-12AC-50C0-BC42-8BEAAF8DA7F7}.Release (with DLLs).Build.0 = Release (with DLLs)|Win32
    		{C13F53C2-12AC-50C0-BC42-8BEAAF8DA7F7}.Debug (with static libs).ActiveCfg = Debug (with static libs)|Win32
		{C13F53C2-12AC-50C0-BC42-8BEAAF8DA7F7}.Debug (with static libs).Build.0 = Debug (with static libs)|Win32
  		{C13F53C2-12AC-50C0-BC42-8BEAAF8DA7F7}.Debug (with DLLs).ActiveCfg = Debug (with DLLs)|Win32
		{C13F53C2-12AC-50C0-BC42-8BEAAF8DA7F7}.Debug (with DLLs).Build.0 = Debug (with DLLs)|Win32
    		{F5342C71-4E6F-72A9-E16A-9669A5A62054}.Release (with static libs).ActiveCfg = Release (with static libs)|Win32
		{F5342C71-4E6F-72A9-E16A-9669A5A62054}.Release (with static libs).Build.0 = Release (with static libs)|Win32
  		{F5342C71-4E6F-72A9-E16A-9669A5A62054}.Release (with DLLs).ActiveCfg = Release (with DLLs)|Win32
		{F5342C71-4E6F-72A9-E16A-9669A5A62054}.Release (with DLLs).Build.0 = Release (with DLLs)|Win32
    		{F5342C71-4E6F-72A9-E16A-9669A5A62054}.Debug (with static libs).ActiveCfg = Debug (with static libs)|Win32
		{F5342C71-4E6F-72A9-E16A-9669A5A62054}.Debug (with static libs).Build.0 = Debug (with static libs)|Win32
  		{F5342C71-4E6F-72A9-E16A-9669A5A62054}.Debug (with DLLs).ActiveCfg = Debug (with DLLs)|Win32
		{F5342C71-4E6F-72A9-E16A-9669A5A62054}.Debug (with DLLs).Build.0 = Debug (with DLLs)|Win32
    		{64316035-1673-9B7E-8232-0FA26CCE3917}.Release (with static libs).ActiveCfg = Release (with static libs)|Win32
		{64316035-1673-9B7E-8232-0FA26CCE3917}.Release (with static libs).Build.0 = Release (with static libs)|Win32
  		{64316035-1673-9B7E-8232-0FA26CCE3917}.Release (with DLLs).ActiveCfg = Release (with DLLs)|Win32
		{64316035-1673-9B7E-8232-0FA26CCE3917}.Release (with DLLs).Build.0 = Release (with DLLs)|Win32
    		{64316035-1673-9B7E-8232-0FA26CCE3917}.Debug (with static libs).ActiveCfg = Debug (with static libs)|Win32
		{64316035-1673-9B7E-8232-0FA26CCE3917}.Debug (with static libs).Build.0 = Debug (with static libs)|Win32
  		{64316035-1673-9B7E-8232-0FA26CCE3917}.Debug (with DLLs).ActiveCfg = Debug (with DLLs)|Win32
		{64316035-1673-9B7E-8232-0FA26CCE3917}.Debug (with DLLs).Build.0 = Debug (with DLLs)|Win32
    		{16968A5B-5DE2-5247-BEB6-65FE88EC5D40}.Release (with static libs).ActiveCfg = Release (with static libs)|Win32
		{16968A5B-5DE2-5247-BEB6-65FE88EC5D40}.Release (with static libs).Build.0 = Release (with static libs)|Win32
  		{16968A5B-5DE2-5247-BEB6-65FE88EC5D40}.Release (with DLLs).ActiveCfg = Release (with DLLs)|Win32
		{16968A5B-5DE2-5247-BEB6-65FE88EC5D40}.Release (with DLLs).Build.0 = Release (with DLLs)|Win32
    		{16968A5B-5DE2-5247-BEB6-65FE88EC5D40}.Debug (with static libs).ActiveCfg = Debug (with static libs)|Win32
		{16968A5B-5DE2-5247-BEB6-65FE88EC5D40}.Debug (with static libs).Build.0 = Debug (with static libs)|Win32
  		{16968A5B-5DE2-5247-BEB6-65FE88EC5D40}.Debug (with DLLs).ActiveCfg = Debug (with DLLs)|Win32
		{16968A5B-5DE2-5247-BEB6-65FE88EC5D40}.Debug (with DLLs).Build.0 = Debug (with DLLs)|Win32
    		{E4EC9593-EF5E-D2DD-627F-2ABDFCB7C9D5}.Release (with static libs).ActiveCfg = Release (with static libs)|Win32
		{E4EC9593-EF5E-D2DD-627F-2ABDFCB7C9D5}.Release (with static libs).Build.0 = Release (with static libs)|Win32
  		{E4EC9593-EF5E-D2DD-627F-2ABDFCB7C9D5}.Release (with DLLs).ActiveCfg = Release (with DLLs)|Win32
		{E4EC9593-EF5E-D2DD-627F-2ABDFCB7C9D5}.Release (with DLLs).Build.0 = Release (with DLLs)|Win32
    		{E4EC9593-EF5E-D2DD-627F-2ABDFCB7C9D5}.Debug (with static libs).ActiveCfg = Debug (with static libs)|Win32
		{E4EC9593-EF5E-D2DD-627F-2ABDFCB7C9D5}.Debug (with static libs).Build.0 = Debug (with static libs)|Win32
  		{E4EC9593-EF5E-D2DD-627F-2ABDFCB7C9D5}.Debug (with DLLs).ActiveCfg = Debug (with DLLs)|Win32
		{E4EC9593-EF5E-D2DD-627F-2ABDFCB7C9D5}.Debug (with DLLs).Build.0 = Debug (with DLLs)|Win32
    		{1984AF92-88D0-AD1F-342A-B0AD79931D0B}.Release (with static libs).ActiveCfg = Release (with static libs)|Win32
		{1984AF92-88D0-AD1F-342A-B0AD79931D0B}.Release (with static libs).Build.0 = Release (with static libs)|Win32
  		{1984AF92-88D0-AD1F-342A-B0AD79931D0B}.Release (with DLLs).ActiveCfg = Release (with DLLs)|Win32
		{1984AF92-88D0-AD1F-342A-B0AD79931D0B}.Release (with DLLs).Build.0 = Release (with DLLs)|Win32
    		{1984AF92-88D0-AD1F-342A-B0AD79931D0B}.Debug (with static libs).ActiveCfg = Debug (with static libs)|Win32
		{1984AF92-88D0-AD1F-342A-B0AD79931D0B}.Debug (with static libs).Build.0 = Debug (with static libs)|Win32
  		{1984AF92-88D0-AD1F-342A-B0AD79931D0B}.Debug (with DLLs).ActiveCfg = Debug (with DLLs)|Win32
		{1984AF92-88D0-AD1F-342A-B0AD79931D0B}.Debug (with DLLs).Build.0 = Debug (with DLLs)|Win32
    		{A41DE1FF-BA11-703D-D9E2-B06FF60813B1}.Release (with static libs).ActiveCfg = Release (with static libs)|Win32
		{A41DE1FF-BA11-703D-D9E2-B06FF60813B1}.Release (with static libs).Build.0 = Release (with static libs)|Win32
  		{A41DE1FF-BA11-703D-D9E2-B06FF60813B1}.Release (with DLLs).ActiveCfg = Release (with DLLs)|Win32
		{A41DE1FF-BA11-703D-D9E2-B06FF60813B1}.Release (with DLLs).Build.0 = Release (with DLLs)|Win32
    		{A41DE1FF-BA11-703D-D9E2-B06FF60813B1}.Debug (with static libs).ActiveCfg = Debug (with static libs)|Win32
		{A41DE1FF-BA11-703D-D9E2-B06FF60813B1}.Debug (with static libs).Build.0 = Debug (with static libs)|Win32
  		{A41DE1FF-BA11-703D-D9E2-B06FF60813B1}.Debug (with DLLs).ActiveCfg = Debug (with DLLs)|Win32
		{A41DE1FF-BA11-703D-D9E2-B06FF60813B1}.Debug (with DLLs).Build.0 = Debug (with DLLs)|Win32
    		{F429C19B-AFAC-44A0-D816-C8BB6DCE1BA6}.Release (with static libs).ActiveCfg = Release (with static libs)|Win32
		{F429C19B-AFAC-44A0-D816-C8BB6DCE1BA6}.Release (with static libs).Build.0 = Release (with static libs)|Win32
  		{F429C19B-AFAC-44A0-D816-C8BB6DCE1BA6}.Release (with DLLs).ActiveCfg = Release (with DLLs)|Win32
		{F429C19B-AFAC-44A0-D816-C8BB6DCE1BA6}.Release (with DLLs).Build.0 = Release (with DLLs)|Win32
    		{F429C19B-AFAC-44A0-D816-C8BB6DCE1BA6}.Debug (with static libs).ActiveCfg = Debug (with static libs)|Win32
		{F429C19B-AFAC-44A0-D816-C8BB6DCE1BA6}.Debug (with static libs).Build.0 = Debug (with static libs)|Win32
  		{F429C19B-AFAC-44A0-D816-C8BB6DCE1BA6}.Debug (with DLLs).ActiveCfg = Debug (with DLLs)|Win32
		{F429C19B-AFAC-44A0-D816-C8BB6DCE1BA6}.Debug (with DLLs).Build.0 = Debug (with DLLs)|Win32
    		{A9CB02EA-EB26-F4CC-C9D2-C0A729B49A93}.Release (with static libs).ActiveCfg = Release (with static libs)|Win32
		{A9CB02EA-EB26-F4CC-C9D2-C0A729B49A93}.Release (with static libs).Build.0 = Release (with static libs)|Win32
  		{A9CB02EA-EB26-F4CC-C9D2-C0A729B49A93}.Release (with DLLs).ActiveCfg = Release (with DLLs)|Win32
		{A9CB02EA-EB26-F4CC-C9D2-C0A729B49A93}.Release (with DLLs).Build.0 = Release (with DLLs)|Win32
    		{A9CB02EA-EB26-F4CC-C9D2-C0A729B49A93}.Debug (with static libs).ActiveCfg = Debug (with static libs)|Win32
		{A9CB02EA-EB26-F4CC-C9D2-C0A729B49A93}.Debug (with static libs).Build.0 = Debug (with static libs)|Win32
  		{A9CB02EA-EB26-F4CC-C9D2-C0A729B49A93}.Debug (with DLLs).ActiveCfg = Debug (with DLLs)|Win32
		{A9CB02EA-EB26-F4CC-C9D2-C0A729B49A93}.Debug (with DLLs).Build.0 = Debug (with DLLs)|Win32
    		{3F6DC71E-36C0-2635-F617-1461C3BE70BB}.Release (with static libs).ActiveCfg = Release (with static libs)|Win32
		{3F6DC71E-36C0-2635-F617-1461C3BE70BB}.Release (with static libs).Build.0 = Release (with static libs)|Win32
  		{3F6DC71E-36C0-2635-F617-1461C3BE70BB}.Release (with DLLs).ActiveCfg = Release (with DLLs)|Win32
		{3F6DC71E-36C0-2635-F617-1461C3BE70BB}.Release (with DLLs).Build.0 = Release (with DLLs)|Win32
    		{3F6DC71E-36C0-2635-F617-1461C3BE70BB}.Debug (with static libs).ActiveCfg = Debug (with static libs)|Win32
		{3F6DC71E-36C0-2635-F617-1461C3BE70BB}.Debug (with static libs).Build.0 = Debug (with static libs)|Win32
  		{3F6DC71E-36C0-2635-F617-1461C3BE70BB}.Debug (with DLLs).ActiveCfg = Debug (with DLLs)|Win32
		{3F6DC71E-36C0-2635-F617-1461C3BE70BB}.Debug (with DLLs).Build.0 = Debug (with DLLs)|Win32
    		{44A00952-D3B8-FC27-D991-E0FC769A952D}.Release (with static libs).ActiveCfg = Release (with static libs)|Win32
		{44A00952-D3B8-FC27-D991-E0FC769A952D}.Release (with static libs).Build.0 = Release (with static libs)|Win32
  		{44A00952-D3B8-FC27-D991-E0FC769A952D}.Release (with DLLs).ActiveCfg = Release (with DLLs)|Win32
		{44A00952-D3B8-FC27-D991-E0FC769A952D}.Release (with DLLs).Build.0 = Release (with DLLs)|Win32
    		{44A00952-D3B8-FC27-D991-E0FC769A952D}.Debug (with static libs).ActiveCfg = Debug (with static libs)|Win32
		{44A00952-D3B8-FC27-D991-E0FC769A952D}.Debug (with static libs).Build.0 = Debug (with static libs)|Win32
  		{44A00952-D3B8-FC27-D991-E0FC769A952D}.Debug (with DLLs).ActiveCfg = Debug (with DLLs)|Win32
		{44A00952-D3B8-FC27-D991-E0FC769A952D}.Debug (with DLLs).Build.0 = Debug (with DLLs)|Win32
    		{1F7CABF7-9375-8F92-7B42-144DBC405743}.Release (with static libs).ActiveCfg = Release (with static libs)|Win32
		{1F7CABF7-9375-8F92-7B42-144DBC405743}.Release (with static libs).Build.0 = Release (with static libs)|Win32
  		{1F7CABF7-9375-8F92-7B42-144DBC405743}.Release (with DLLs).ActiveCfg = Release (with DLLs)|Win32
		{1F7CABF7-9375-8F92-7B42-144DBC405743}.Release (with DLLs).Build.0 = Release (with DLLs)|Win32
    		{1F7CABF7-9375-8F92-7B42-144DBC405743}.Debug (with static libs).ActiveCfg = Debug (with static libs)|Win32
		{1F7CABF7-9375-8F92-7B42-144DBC405743}.Debug (with static libs).Build.0 = Debug (with static libs)|Win32
  		{1F7CABF7-9375-8F92-7B42-144DBC405743}.Debug (with DLLs).ActiveCfg = Debug (with DLLs)|Win32
		{1F7CABF7-9375-8F92-7B42-144DBC405743}.Debug (with DLLs).Build.0 = Debug (with DLLs)|Win32
    		{5EF78382-21B8-FD27-6937-84B16B0544B7}.Release (with static libs).ActiveCfg = Release (with static libs)|Win32
		{5EF78382-21B8-FD27-6937-84B16B0544B7}.Release (with static libs).Build.0 = Release (with static libs)|Win32
  		{5EF78382-21B8-FD27-6937-84B16B0544B7}.Release (with DLLs).ActiveCfg = Release (with DLLs)|Win32
		{5EF78382-21B8-FD27-6937-84B16B0544B7}.Release (with DLLs).Build.0 = Release (with DLLs)|Win32
    		{5EF78382-21B8-FD27-6937-84B16B0544B7}.Debug (with static libs).ActiveCfg = Debug (with static libs)|Win32
		{5EF78382-21B8-FD27-6937-84B16B0544B7}.Debug (with static libs).Build.0 = Debug (with static libs)|Win32
  		{5EF78382-21B8-FD27-6937-84B16B0544B7}.Debug (with DLLs).ActiveCfg = Debug (with DLLs)|Win32
		{5EF78382-21B8-FD27-6937-84B16B0544B7}.Debug (with DLLs).Build.0 = Debug (with DLLs)|Win32
    		{927E45C5-0798-777C-6F11-2955C283F16E}.Release (with static libs).ActiveCfg = Release (with static libs)|Win32
		{927E45C5-0798-777C-6F11-2955C283F16E}.Release (with static libs).Build.0 = Release (with static libs)|Win32
  		{927E45C5-0798-777C-6F11-2955C283F16E}.Release (with DLLs).ActiveCfg = Release (with DLLs)|Win32
		{927E45C5-0798-777C-6F11-2955C283F16E}.Release (with DLLs).Build.0 = Release (with DLLs)|Win32
    		{927E45C5-0798-777C-6F11-2955C283F16E}.Debug (with static libs).ActiveCfg = Debug (with static libs)|Win32
		{927E45C5-0798-777C-6F11-2955C283F16E}.Debug (with static libs).Build.0 = Debug (with static libs)|Win32
  		{927E45C5-0798-777C-6F11-2955C283F16E}.Debug (with DLLs).ActiveCfg = Debug (with DLLs)|Win32
		{927E45C5-0798-777C-6F11-2955C283F16E}.Debug (with DLLs).Build.0 = Debug (with DLLs)|Win32
    		{AEDAD5C0-7C09-0F6E-14C6-1BBFE409B40C}.Release (with static libs).ActiveCfg = Release (with static libs)|Win32
		{AEDAD5C0-7C09-0F6E-14C6-1BBFE409B40C}.Release (with static libs).Build.0 = Release (with static libs)|Win32
  		{AEDAD5C0-7C09-0F6E-14C6-1BBFE409B40C}.Release (with DLLs).ActiveCfg = Release (with DLLs)|Win32
		{AEDAD5C0-7C09-0F6E-14C6-1BBFE409B40C}.Release (with DLLs).Build.0 = Release (with DLLs)|Win32
    		{AEDAD5C0-7C09-0F6E-14C6-1BBFE409B40C}.Debug (with static libs).ActiveCfg = Debug (with static libs)|Win32
		{AEDAD5C0-7C09-0F6E-14C6-1BBFE409B40C}.Debug (with static libs).Build.0 = Debug (with static libs)|Win32
  		{AEDAD5C0-7C09-0F6E-14C6-1BBFE409B40C}.Debug (with DLLs).ActiveCfg = Debug (with DLLs)|Win32
		{AEDAD5C0-7C09-0F6E-14C6-1BBFE409B40C}.Debug (with DLLs).Build.0 = Debug (with DLLs)|Win32
    		{DF7FFAEE-0932-F5F0-2AA4-912F1A290E1B}.Release (with static libs).ActiveCfg = Release (with static libs)|Win32
		{DF7FFAEE-0932-F5F0-2AA4-912F1A290E1B}.Release (with static libs).Build.0 = Release (with static libs)|Win32
  		{DF7FFAEE-0932-F5F0-2AA4-912F1A290E1B}.Release (with DLLs).ActiveCfg = Release (with DLLs)|Win32
		{DF7FFAEE-0932-F5F0-2AA4-912F1A290E1B}.Release (with DLLs).Build.0 = Release (with DLLs)|Win32
    		{DF7FFAEE-0932-F5F0-2AA4-912F1A290E1B}.Debug (with static libs).ActiveCfg = Debug (with static libs)|Win32
		{DF7FFAEE-0932-F5F0-2AA4-912F1A290E1B}.Debug (with static libs).Build.0 = Debug (with static libs)|Win32
  		{DF7FFAEE-0932-F5F0-2AA4-912F1A290E1B}.Debug (with DLLs).ActiveCfg = Debug (with DLLs)|Win32
		{DF7FFAEE-0932-F5F0-2AA4-912F1A290E1B}.Debug (with DLLs).Build.0 = Debug (with DLLs)|Win32
    		{B93558AE-23EB-F5B3-63DC-8928E685DA33}.Release (with static libs).ActiveCfg = Release (with static libs)|Win32
		{B93558AE-23EB-F5B3-63DC-8928E685DA33}.Release (with static libs).Build.0 = Release (with static libs)|Win32
  		{B93558AE-23EB-F5B3-63DC-8928E685DA33}.Release (with DLLs).ActiveCfg = Release (with DLLs)|Win32
		{B93558AE-23EB-F5B3-63DC-8928E685DA33}.Release (with DLLs).Build.0 = Release (with DLLs)|Win32
    		{B93558AE-23EB-F5B3-63DC-8928E685DA33}.Debug (with static libs).ActiveCfg = Debug (with static libs)|Win32
		{B93558AE-23EB-F5B3-63DC-8928E685DA33}.Debug (with static libs).Build.0 = Debug (with static libs)|Win32
  		{B93558AE-23EB-F5B3-63DC-8928E685DA33}.Debug (with DLLs).ActiveCfg = Debug (with DLLs)|Win32
		{B93558AE-23EB-F5B3-63DC-8928E685DA33}.Debug (with DLLs).Build.0 = Debug (with DLLs)|Win32
    		{46CC2367-8F8A-A82E-4B3A-99D5824D3CC5}.Release (with static libs).ActiveCfg = Release (with static libs)|Win32
		{46CC2367-8F8A-A82E-4B3A-99D5824D3CC5}.Release (with static libs).Build.0 = Release (with static libs)|Win32
  		{46CC2367-8F8A-A82E-4B3A-99D5824D3CC5}.Release (with DLLs).ActiveCfg = Release (with DLLs)|Win32
		{46CC2367-8F8A-A82E-4B3A-99D5824D3CC5}.Release (with DLLs).Build.0 = Release (with DLLs)|Win32
    		{46CC2367-8F8A-A82E-4B3A-99D5824D3CC5}.Debug (with static libs).ActiveCfg = Debug (with static libs)|Win32
		{46CC2367-8F8A-A82E-4B3A-99D5824D3CC5}.Debug (with static libs).Build.0 = Debug (with static libs)|Win32
  		{46CC2367-8F8A-A82E-4B3A-99D5824D3CC5}.Debug (with DLLs).ActiveCfg = Debug (with DLLs)|Win32
		{46CC2367-8F8A-A82E-4B3A-99D5824D3CC5}.Debug (with DLLs).Build.0 = Debug (with DLLs)|Win32
    		{2C7D703A-96CF-7586-13F6-4E082DA679DC}.Release (with static libs).ActiveCfg = Release (with static libs)|Win32
		{2C7D703A-96CF-7586-13F6-4E082DA679DC}.Release (with static libs).Build.0 = Release (with static libs)|Win32
  		{2C7D703A-96CF-7586-13F6-4E082DA679DC}.Release (with DLLs).ActiveCfg = Release (with DLLs)|Win32
		{2C7D703A-96CF-7586-13F6-4E082DA679DC}.Release (with DLLs).Build.0 = Release (with DLLs)|Win32
    		{2C7D703A-96CF-7586-13F6-4E082DA679DC}.Debug (with static libs).ActiveCfg = Debug (with static libs)|Win32
		{2C7D703A-96CF-7586-13F6-4E082DA679DC}.Debug (with static libs).Build.0 = Debug (with static libs)|Win32
  		{2C7D703A-96CF-7586-13F6-4E082DA679DC}.Debug (with DLLs).ActiveCfg = Debug (with DLLs)|Win32
		{2C7D703A-96CF-7586-13F6-4E082DA679DC}.Debug (with DLLs).Build.0 = Debug (with DLLs)|Win32
    		{C4C34842-F7D7-F14F-130D-27865148B777}.Release (with static libs).ActiveCfg = Release (with static libs)|Win32
		{C4C34842-F7D7-F14F-130D-27865148B777}.Release (with static libs).Build.0 = Release (with static libs)|Win32
  		{C4C34842-F7D7-F14F-130D-27865148B777}.Release (with DLLs).ActiveCfg = Release (with DLLs)|Win32
		{C4C34842-F7D7-F14F-130D-27865148B777}.Release (with DLLs).Build.0 = Release (with DLLs)|Win32
    		{C4C34842-F7D7-F14F-130D-27865148B777}.Debug (with static libs).ActiveCfg = Debug (with static libs)|Win32
		{C4C34842-F7D7-F14F-130D-27865148B777}.Debug (with static libs).Build.0 = Debug (with static libs)|Win32
  		{C4C34842-F7D7-F14F-130D-27865148B777}.Debug (with DLLs).ActiveCfg = Debug (with DLLs)|Win32
		{C4C34842-F7D7-F14F-130D-27865148B777}.Debug (with DLLs).Build.0 = Debug (with DLLs)|Win32
    		{7A6598FD-8A88-8FD6-CBEA-3E31FFF93E13}.Release (with static libs).ActiveCfg = Release (with static libs)|Win32
		{7A6598FD-8A88-8FD6-CBEA-3E31FFF93E13}.Release (with static libs).Build.0 = Release (with static libs)|Win32
  		{7A6598FD-8A88-8FD6-CBEA-3E31FFF93E13}.Release (with DLLs).ActiveCfg = Release (with DLLs)|Win32
		{7A6598FD-8A88-8FD6-CBEA-3E31FFF93E13}.Release (with DLLs).Build.0 = Release (with DLLs)|Win32
    		{7A6598FD-8A88-8FD6-CBEA-3E31FFF93E13}.Debug (with static libs).ActiveCfg = Debug (with static libs)|Win32
		{7A6598FD-8A88-8FD6-CBEA-3E31FFF93E13}.Debug (with static libs).Build.0 = Debug (with static libs)|Win32
  		{7A6598FD-8A88-8FD6-CBEA-3E31FFF93E13}.Debug (with DLLs).ActiveCfg = Debug (with DLLs)|Win32
		{7A6598FD-8A88-8FD6-CBEA-3E31FFF93E13}.Debug (with DLLs).Build.0 = Debug (with DLLs)|Win32
    		{CB1805CB-8E89-B83B-0F29-D8569E098351}.Release (with static libs).ActiveCfg = Release (with static libs)|Win32
		{CB1805CB-8E89-B83B-0F29-D8569E098351}.Release (with static libs).Build.0 = Release (with static libs)|Win32
  		{CB1805CB-8E89-B83B-0F29-D8569E098351}.Release (with DLLs).ActiveCfg = Release (with DLLs)|Win32
		{CB1805CB-8E89-B83B-0F29-D8569E098351}.Release (with DLLs).Build.0 = Release (with DLLs)|Win32
    		{CB1805CB-8E89-B83B-0F29-D8569E098351}.Debug (with static libs).ActiveCfg = Debug (with static libs)|Win32
		{CB1805CB-8E89-B83B-0F29-D8569E098351}.Debug (with static libs).Build.0 = Debug (with static libs)|Win32
  		{CB1805CB-8E89-B83B-0F29-D8569E098351}.Debug (with DLLs).ActiveCfg = Debug (with DLLs)|Win32
		{CB1805CB-8E89-B83B-0F29-D8569E098351}.Debug (with DLLs).Build.0 = Debug (with DLLs)|Win32
    		{5D81170B-D994-4363-9EE9-459ABA845686}.Release (with static libs).ActiveCfg = Release (with static libs)|Win32
		{5D81170B-D994-4363-9EE9-459ABA845686}.Release (with static libs).Build.0 = Release (with static libs)|Win32
  		{5D81170B-D994-4363-9EE9-459ABA845686}.Release (with DLLs).ActiveCfg = Release (with DLLs)|Win32
		{5D81170B-D994-4363-9EE9-459ABA845686}.Release (with DLLs).Build.0 = Release (with DLLs)|Win32
    		{5D81170B-D994-4363-9EE9-459ABA845686}.Debug (with static libs).ActiveCfg = Debug (with static libs)|Win32
		{5D81170B-D994-4363-9EE9-459ABA845686}.Debug (with static libs).Build.0 = Debug (with static libs)|Win32
  		{5D81170B-D994-4363-9EE9-459ABA845686}.Debug (with DLLs).ActiveCfg = Debug (with DLLs)|Win32
		{5D81170B-D994-4363-9EE9-459ABA845686}.Debug (with DLLs).Build.0 = Debug (with DLLs)|Win32
    		{AC9316D6-5785-368F-3337-B6031603A76E}.Release (with static libs).ActiveCfg = Release (with static libs)|Win32
		{AC9316D6-5785-368F-3337-B6031603A76E}.Release (with static libs).Build.0 = Release (with static libs)|Win32
  		{AC9316D6-5785-368F-3337-B6031603A76E}.Release (with DLLs).ActiveCfg = Release (with DLLs)|Win32
		{AC9316D6-5785-368F-3337-B6031603A76E}.Release (with DLLs).Build.0 = Release (with DLLs)|Win32
    		{AC9316D6-5785-368F-3337-B6031603A76E}.Debug (with static libs).ActiveCfg = Debug (with static libs)|Win32
		{AC9316D6-5785-368F-3337-B6031603A76E}.Debug (with static libs).Build.0 = Debug (with static libs)|Win32
  		{AC9316D6-5785-368F-3337-B6031603A76E}.Debug (with DLLs).ActiveCfg = Debug (with DLLs)|Win32
		{AC9316D6-5785-368F-3337-B6031603A76E}.Debug (with DLLs).Build.0 = Debug (with DLLs)|Win32
    		{0F74695C-6C54-5C9B-EEA9-D592215FA071}.Release (with static libs).ActiveCfg = Release (with static libs)|Win32
		{0F74695C-6C54-5C9B-EEA9-D592215FA071}.Release (with static libs).Build.0 = Release (with static libs)|Win32
  		{0F74695C-6C54-5C9B-EEA9-D592215FA071}.Release (with DLLs).ActiveCfg = Release (with DLLs)|Win32
		{0F74695C-6C54-5C9B-EEA9-D592215FA071}.Release (with DLLs).Build.0 = Release (with DLLs)|Win32
    		{0F74695C-6C54-5C9B-EEA9-D592215FA071}.Debug (with static libs).ActiveCfg = Debug (with static libs)|Win32
		{0F74695C-6C54-5C9B-EEA9-D592215FA071}.Debug (with static libs).Build.0 = Debug (with static libs)|Win32
  		{0F74695C-6C54-5C9B-EEA9-D592215FA071}.Debug (with DLLs).ActiveCfg = Debug (with DLLs)|Win32
		{0F74695C-6C54-5C9B-EEA9-D592215FA071}.Debug (with DLLs).Build.0 = Debug (with DLLs)|Win32
    		{7678893D-AC1B-3E14-6B8B-3C45D5FD4FFA}.Release (with static libs).ActiveCfg = Release (with static libs)|Win32
		{7678893D-AC1B-3E14-6B8B-3C45D5FD4FFA}.Release (with static libs).Build.0 = Release (with static libs)|Win32
  		{7678893D-AC1B-3E14-6B8B-3C45D5FD4FFA}.Release (with DLLs).ActiveCfg = Release (with DLLs)|Win32
		{7678893D-AC1B-3E14-6B8B-3C45D5FD4FFA}.Release (with DLLs).Build.0 = Release (with DLLs)|Win32
    		{7678893D-AC1B-3E14-6B8B-3C45D5FD4FFA}.Debug (with static libs).ActiveCfg = Debug (with static libs)|Win32
		{7678893D-AC1B-3E14-6B8B-3C45D5FD4FFA}.Debug (with static libs).Build.0 = Debug (with static libs)|Win32
  		{7678893D-AC1B-3E14-6B8B-3C45D5FD4FFA}.Debug (with DLLs).ActiveCfg = Debug (with DLLs)|Win32
		{7678893D-AC1B-3E14-6B8B-3C45D5FD4FFA}.Debug (with DLLs).Build.0 = Debug (with DLLs)|Win32
    		{01373DD0-AA91-AD26-E258-03C3692713F9}.Release (with static libs).ActiveCfg = Release (with static libs)|Win32
		{01373DD0-AA91-AD26-E258-03C3692713F9}.Release (with static libs).Build.0 = Release (with static libs)|Win32
  		{01373DD0-AA91-AD26-E258-03C3692713F9}.Release (with DLLs).ActiveCfg = Release (with DLLs)|Win32
		{01373DD0-AA91-AD26-E258-03C3692713F9}.Release (with DLLs).Build.0 = Release (with DLLs)|Win32
    		{01373DD0-AA91-AD26-E258-03C3692713F9}.Debug (with static libs).ActiveCfg = Debug (with static libs)|Win32
		{01373DD0-AA91-AD26-E258-03C3692713F9}.Debug (with static libs).Build.0 = Debug (with static libs)|Win32
  		{01373DD0-AA91-AD26-E258-03C3692713F9}.Debug (with DLLs).ActiveCfg = Debug (with DLLs)|Win32
		{01373DD0-AA91-AD26-E258-03C3692713F9}.Debug (with DLLs).Build.0 = Debug (with DLLs)|Win32
    		{1020E648-2350-8556-4CD6-29FFD41D5DD6}.Release (with static libs).ActiveCfg = Release (with static libs)|Win32
		{1020E648-2350-8556-4CD6-29FFD41D5DD6}.Release (with static libs).Build.0 = Release (with static libs)|Win32
  		{1020E648-2350-8556-4CD6-29FFD41D5DD6}.Release (with DLLs).ActiveCfg = Release (with DLLs)|Win32
		{1020E648-2350-8556-4CD6-29FFD41D5DD6}.Release (with DLLs).Build.0 = Release (with DLLs)|Win32
    		{1020E648-2350-8556-4CD6-29FFD41D5DD6}.Debug (with static libs).ActiveCfg = Debug (with static libs)|Win32
		{1020E648-2350-8556-4CD6-29FFD41D5DD6}.Debug (with static libs).Build.0 = Debug (with static libs)|Win32
  		{1020E648-2350-8556-4CD6-29FFD41D5DD6}.Debug (with DLLs).ActiveCfg = Debug (with DLLs)|Win32
		{1020E648-2350-8556-4CD6-29FFD41D5DD6}.Debug (with DLLs).Build.0 = Debug (with DLLs)|Win32
    		{3EF9A570-0820-D1BC-F902-95454796C6F6}.Release (with static libs).ActiveCfg = Release (with static libs)|Win32
		{3EF9A570-0820-D1BC-F902-95454796C6F6}.Release (with static libs).Build.0 = Release (with static libs)|Win32
  		{3EF9A570-0820-D1BC-F902-95454796C6F6}.Release (with DLLs).ActiveCfg = Release (with DLLs)|Win32
		{3EF9A570-0820-D1BC-F902-95454796C6F6}.Release (with DLLs).Build.0 = Release (with DLLs)|Win32
    		{3EF9A570-0820-D1BC-F902-95454796C6F6}.Debug (with static libs).ActiveCfg = Debug (with static libs)|Win32
		{3EF9A570-0820-D1BC-F902-95454796C6F6}.Debug (with static libs).Build.0 = Debug (with static libs)|Win32
  		{3EF9A570-0820-D1BC-F902-95454796C6F6}.Debug (with DLLs).ActiveCfg = Debug (with DLLs)|Win32
		{3EF9A570-0820-D1BC-F902-95454796C6F6}.Debug (with DLLs).Build.0 = Debug (with DLLs)|Win32
    		{F3CBFCDD-C03F-CEB1-3F11-28DD6D8A3F70}.Release (with static libs).ActiveCfg = Release (with static libs)|Win32
		{F3CBFCDD-C03F-CEB1-3F11-28DD6D8A3F70}.Release (with static libs).Build.0 = Release (with static libs)|Win32
  		{F3CBFCDD-C03F-CEB1-3F11-28DD6D8A3F70}.Release (with DLLs).ActiveCfg = Release (with DLLs)|Win32
		{F3CBFCDD-C03F-CEB1-3F11-28DD6D8A3F70}.Release (with DLLs).Build.0 = Release (with DLLs)|Win32
    		{F3CBFCDD-C03F-CEB1-3F11-28DD6D8A3F70}.Debug (with static libs).ActiveCfg = Debug (with static libs)|Win32
		{F3CBFCDD-C03F-CEB1-3F11-28DD6D8A3F70}.Debug (with static libs).Build.0 = Debug (with static libs)|Win32
  		{F3CBFCDD-C03F-CEB1-3F11-28DD6D8A3F70}.Debug (with DLLs).ActiveCfg = Debug (with DLLs)|Win32
		{F3CBFCDD-C03F-CEB1-3F11-28DD6D8A3F70}.Debug (with DLLs).Build.0 = Debug (with DLLs)|Win32
  	EndGlobalSection
	GlobalSection(ExtensibilityGlobals) = postSolution
	EndGlobalSection
	GlobalSection(ExtensibilityAddIns) = postSolution
	EndGlobalSection
EndGlobal
